<?xml version="1.0" encoding="utf-8" standalone="yes"?>
<Project ToolsVersion="4.0" xmlns="http://schemas.microsoft.com/developer/msbuild/2003">
  <ItemGroup>
    <Filter Include="generated">
      <UniqueIdentifier>{3A883A00-61CC-D50A-0000-5284111A998F}</UniqueIdentifier>
    </Filter>
    <Filter Include="generated\hxx">
      <UniqueIdentifier>{3A883A00-61CC-D50A-8ACC-618A6830A19B}</UniqueIdentifier>
    </Filter>
    <Filter Include="source">
      <UniqueIdentifier>{3A883A00-61CC-D50A-0000-0000CA90681B}</UniqueIdentifier>
    </Filter>
    <Filter Include="source\maxon">
      <UniqueIdentifier>{3A883A00-61CC-D50A-29DB-81C65E166B42}</UniqueIdentifier>
    </Filter>
  </ItemGroup>
  <ItemGroup>
    <ClCompile Include="..\generated\hxx\register.cpp">
      <Filter>generated\hxx</Filter>
    </ClCompile>
    <ClCompile Include="..\source\maxon\mesh_attribute_base.cpp">
      <Filter>source\maxon</Filter>
    </ClCompile>
  </ItemGroup>
  <ItemGroup>
    <ClInclude Include="..\source\maxon\distancequery.h">
      <Filter>source\maxon</Filter>
    </ClInclude>
    <ClInclude Include="..\source\maxon\mesh_attribute_base.h">
      <Filter>source\maxon</Filter>
    </ClInclude>
    <ClInclude Include="..\source\maxon\mesh_attribute_utilities.h">
      <Filter>source\maxon</Filter>
    </ClInclude>
    <ClInclude Include="..\source\maxon\vertexwrapper.h">
      <Filter>source\maxon</Filter>
    </ClInclude>
    <ClInclude Include="..\source\maxon\voxelization.h">
      <Filter>source\maxon</Filter>
    </ClInclude>
  </ItemGroup>
</Project>
