<?xml version="1.0" encoding="utf-8" standalone="yes"?>
<Project ToolsVersion="4.0" xmlns="http://schemas.microsoft.com/developer/msbuild/2003">
  <ItemGroup>
    <Filter Include="generated">
      <UniqueIdentifier>{137B806E-55B4-8983-0000-5284111A998F}</UniqueIdentifier>
    </Filter>
    <Filter Include="generated\hxx">
      <UniqueIdentifier>{137B806E-55B4-8983-8ACC-618A6830A19B}</UniqueIdentifier>
    </Filter>
    <Filter Include="source">
      <UniqueIdentifier>{137B806E-55B4-8983-0000-0000CA90681B}</UniqueIdentifier>
    </Filter>
    <Filter Include="source\sys_mac">
      <UniqueIdentifier>{137B806E-55B4-8983-2102-29A89834A21C}</UniqueIdentifier>
    </Filter>
    <Filter Include="source\sys_mac\maxon">
      <UniqueIdentifier>{137B806E-55B4-8983-8D89-DF1ABF0D6083}</UniqueIdentifier>
    </Filter>
    <Filter Include="source\sys_win">
      <UniqueIdentifier>{137B806E-55B4-8983-2102-29A89834C8A9}</UniqueIdentifier>
    </Filter>
    <Filter Include="source\sys_win\maxon">
      <UniqueIdentifier>{137B806E-55B4-8983-8D89-E7120EA7A950}</UniqueIdentifier>
    </Filter>
  </ItemGroup>
  <ItemGroup>
    <ClCompile Include="..\generated\hxx\register.cpp">
      <Filter>generated\hxx</Filter>
    </ClCompile>
    <ClCompile Include="..\source\sys_mac\maxon\mac_cfhelpers.cpp">
      <Filter>source\sys_mac\maxon</Filter>
    </ClCompile>
    <ClCompile Include="..\source\sys_mac\maxon\mac_cghelpers.cpp">
      <Filter>source\sys_mac\maxon</Filter>
    </ClCompile>
    <ClCompile Include="..\source\sys_mac\maxon\mac_strings.mm">
      <Filter>source\sys_mac\maxon</Filter>
    </ClCompile>
    <ClCompile Include="..\source\sys_mac\maxon\mac_url.mm">
      <Filter>source\sys_mac\maxon</Filter>
    </ClCompile>
    <ClCompile Include="..\source\sys_mac\maxon\mac_uxhelpers.cpp">
      <Filter>source\sys_mac\maxon</Filter>
    </ClCompile>
    <ClCompile Include="..\source\sys_win\maxon\win_version.cpp">
      <Filter>source\sys_win\maxon</Filter>
    </ClCompile>
  </ItemGroup>
  <ItemGroup>
    <ClInclude Include="..\source\sys_mac\maxon\mac_cfhelpers.h">
      <Filter>source\sys_mac\maxon</Filter>
    </ClInclude>
    <ClInclude Include="..\source\sys_mac\maxon\mac_cghelpers.h">
      <Filter>source\sys_mac\maxon</Filter>
    </ClInclude>
    <ClInclude Include="..\source\sys_mac\maxon\mac_eventtypes.h">
      <Filter>source\sys_mac\maxon</Filter>
    </ClInclude>
    <ClInclude Include="..\source\sys_mac\maxon\mac_strings.h">
      <Filter>source\sys_mac\maxon</Filter>
    </ClInclude>
    <ClInclude Include="..\source\sys_mac\maxon\mac_url.h">
      <Filter>source\sys_mac\maxon</Filter>
    </ClInclude>
    <ClInclude Include="..\source\sys_mac\maxon\mac_uxhelpers.h">
      <Filter>source\sys_mac\maxon</Filter>
    </ClInclude>
    <ClInclude Include="..\source\sys_win\maxon\system_win.h">
      <Filter>source\sys_win\maxon</Filter>
    </ClInclude>
    <ClInclude Include="..\source\sys_win\maxon\win_version.h">
      <Filter>source\sys_win\maxon</Filter>
    </ClInclude>
  </ItemGroup>
</Project>
