<?xml version="1.0" encoding="utf-8" standalone="yes"?>
<Project ToolsVersion="4.0" xmlns="http://schemas.microsoft.com/developer/msbuild/2003">
  <ItemGroup>
    <Filter Include="generated">
      <UniqueIdentifier>{96B02211-112B-F41C-0000-5284111A998F}</UniqueIdentifier>
    </Filter>
    <Filter Include="generated\hxx">
      <UniqueIdentifier>{96B02211-112B-F41C-8ACC-618A6830A19B}</UniqueIdentifier>
    </Filter>
    <Filter Include="source">
      <UniqueIdentifier>{96B02211-112B-F41C-0000-0000CA90681B}</UniqueIdentifier>
    </Filter>
    <Filter Include="source\maxon">
      <UniqueIdentifier>{96B02211-112B-F41C-29DB-81C65E166B42}</UniqueIdentifier>
    </Filter>
  </ItemGroup>
  <ItemGroup>
    <ClCompile Include="..\generated\hxx\register.cpp">
      <Filter>generated\hxx</Filter>
    </ClCompile>
    <ClCompile Include="..\source\maxon\NURBSCurve.cpp">
      <Filter>source\maxon</Filter>
    </ClCompile>
    <ClCompile Include="..\source\maxon\NURBSMath.cpp">
      <Filter>source\maxon</Filter>
    </ClCompile>
    <ClCompile Include="..\source\maxon\blend_animation.cpp">
      <Filter>source\maxon</Filter>
    </ClCompile>
    <ClCompile Include="..\source\maxon\kdtree.cpp">
      <Filter>source\maxon</Filter>
    </ClCompile>
    <ClCompile Include="..\source\maxon\matrix_prs.cpp">
      <Filter>source\maxon</Filter>
    </ClCompile>
  </ItemGroup>
  <ItemGroup>
    <ClInclude Include="..\source\maxon\NURBSCurve.h">
      <Filter>source\maxon</Filter>
    </ClInclude>
    <ClInclude Include="..\source\maxon\NURBSMath.h">
      <Filter>source\maxon</Filter>
    </ClInclude>
    <ClInclude Include="..\source\maxon\apibasemath_extension.h">
      <Filter>source\maxon</Filter>
    </ClInclude>
    <ClInclude Include="..\source\maxon\big_integer.h">
      <Filter>source\maxon</Filter>
    </ClInclude>
    <ClInclude Include="..\source\maxon\blend_animation.h">
      <Filter>source\maxon</Filter>
    </ClInclude>
    <ClInclude Include="..\source\maxon\blend_function.h">
      <Filter>source\maxon</Filter>
    </ClInclude>
    <ClInclude Include="..\source\maxon\complex.h">
      <Filter>source\maxon</Filter>
    </ClInclude>
    <ClInclude Include="..\source\maxon\fft.h">
      <Filter>source\maxon</Filter>
    </ClInclude>
    <ClInclude Include="..\source\maxon\fraction.h">
      <Filter>source\maxon</Filter>
    </ClInclude>
    <ClInclude Include="..\source\maxon\generic_dispatch.h">
      <Filter>source\maxon</Filter>
    </ClInclude>
    <ClInclude Include="..\source\maxon\gradient.h">
      <Filter>source\maxon</Filter>
    </ClInclude>
    <ClInclude Include="..\source\maxon\gradientmath.h">
      <Filter>source\maxon</Filter>
    </ClInclude>
    <ClInclude Include="..\source\maxon\kdtree.h">
      <Filter>source\maxon</Filter>
    </ClInclude>
    <ClInclude Include="..\source\maxon\matrix_nxm.h">
      <Filter>source\maxon</Filter>
    </ClInclude>
    <ClInclude Include="..\source\maxon\matrix_prs.h">
      <Filter>source\maxon</Filter>
    </ClInclude>
    <ClInclude Include="..\source\maxon\noise.h">
      <Filter>source\maxon</Filter>
    </ClInclude>
    <ClInclude Include="..\source\maxon\polynomsolver.h">
      <Filter>source\maxon</Filter>
    </ClInclude>
    <ClInclude Include="..\source\maxon\quaternion.h">
      <Filter>source\maxon</Filter>
    </ClInclude>
    <ClInclude Include="..\source\maxon\scalar_extension.h">
      <Filter>source\maxon</Filter>
    </ClInclude>
    <ClInclude Include="..\source\maxon\splinemapper.h">
      <Filter>source\maxon</Filter>
    </ClInclude>
    <ClInclude Include="..\source\maxon\sse_math.h">
      <Filter>source\maxon</Filter>
    </ClInclude>
  </ItemGroup>
</Project>
