<?xml version="1.0" encoding="utf-8" standalone="yes"?>
<Project ToolsVersion="4.0" xmlns="http://schemas.microsoft.com/developer/msbuild/2003">
  <ItemGroup>
    <Filter Include="generated">
      <UniqueIdentifier>{8800E4E7-0D26-2958-0000-5284111A998F}</UniqueIdentifier>
    </Filter>
    <Filter Include="generated\hxx">
      <UniqueIdentifier>{8800E4E7-0D26-2958-8ACC-618A6830A19B}</UniqueIdentifier>
    </Filter>
    <Filter Include="res">
      <UniqueIdentifier>{9138088b-1455-4cd3-8ffb-83dc9f9f3735}</UniqueIdentifier>
    </Filter>
    <Filter Include="source">
      <UniqueIdentifier>{df9823f5-50a0-4aec-a328-3c42b1bf3aac}</UniqueIdentifier>
    </Filter>
    <Filter Include="res\description">
      <UniqueIdentifier>{f8755a47-71c7-4ff7-a95e-8bd22ce29ca2}</UniqueIdentifier>
    </Filter>
    <Filter Include="res\strings_zh-CN">
      <UniqueIdentifier>{6e8f0999-c6df-43b2-8d28-fb1d5358b4ca}</UniqueIdentifier>
    </Filter>
    <Filter Include="res\strings_en-US">
      <UniqueIdentifier>{2cbdfb1c-79e0-43c3-80c6-e22e03f39101}</UniqueIdentifier>
    </Filter>
    <Filter Include="source\utils">
      <UniqueIdentifier>{09e54095-5349-4c6f-8927-51ad43fef86f}</UniqueIdentifier>
    </Filter>
    <Filter Include="source\module">
      <UniqueIdentifier>{df3c1df2-82ba-4dda-8383-077c81bb6106}</UniqueIdentifier>
    </Filter>
    <Filter Include="source\module\MMD">
      <UniqueIdentifier>{965f55d6-e953-4de5-a118-a5dc8cd31deb}</UniqueIdentifier>
    </Filter>
    <Filter Include="source\module\ui">
      <UniqueIdentifier>{763d99e3-66fa-423c-a912-35256eed4549}</UniqueIdentifier>
    </Filter>
    <Filter Include="source\module\tools">
      <UniqueIdentifier>{2e601a9e-e79a-4683-8ce1-7d707658f31b}</UniqueIdentifier>
    </Filter>
    <Filter Include="res\dialogs">
      <UniqueIdentifier>{64a74702-1da7-4200-b4e7-d0e0e9ead4b0}</UniqueIdentifier>
    </Filter>
  </ItemGroup>
  <ItemGroup>
    <ClCompile Include="..\generated\hxx\interface_registration.cpp">
      <Filter>generated\hxx</Filter>
    </ClCompile>
    <ClCompile Include="..\generated\hxx\register.cpp">
      <Filter>generated\hxx</Filter>
    </ClCompile>
    <ClCompile Include="..\..\..\..\refactoring\register_entity.cpp">
      <Filter>source</Filter>
    </ClCompile>
    <ClCompile Include="..\..\..\..\refactoring\main.cpp">
      <Filter>source</Filter>
    </ClCompile>
    <ClCompile Include="..\..\..\..\refactoring\pch.cpp">
      <Filter>source</Filter>
    </ClCompile>
    <ClCompile Include="..\..\..\..\refactoring\module\ui\vmd_loader_camera_dialog.cpp">
      <Filter>source\module\ui</Filter>
    </ClCompile>
    <ClCompile Include="..\..\..\..\refactoring\module\tools\vmd_loader_data.cpp">
      <Filter>source\module\tools</Filter>
    </ClCompile>
    <ClCompile Include="..\..\..\..\refactoring\module\MMD\vpd_data.cpp">
      <Filter>source\module\MMD</Filter>
    </ClCompile>
    <ClCompile Include="..\..\..\..\refactoring\module\MMD\pmx_data.cpp">
      <Filter>source\module\MMD</Filter>
    </ClCompile>
    <ClCompile Include="..\..\..\..\refactoring\module\MMD\vmd_data.cpp">
      <Filter>source\module\MMD</Filter>
    </ClCompile>
    <ClCompile Include="..\..\..\..\refactoring\module\MMD\vmd_interpolator.cpp">
      <Filter>source\module\MMD</Filter>
    </ClCompile>
    <ClCompile Include="..\..\..\..\refactoring\module\MMD\vmd_model_controller_animation.cpp">
      <Filter>source\module\MMD</Filter>
    </ClCompile>
    <ClCompile Include="..\..\..\..\refactoring\module\MMD\vmd_Ik_controller_animation.cpp">
      <Filter>source\module\MMD</Filter>
    </ClCompile>
    <ClCompile Include="..\..\..\..\refactoring\module\MMD\vmd_shadow_animation.cpp">
      <Filter>source\module\MMD</Filter>
    </ClCompile>
    <ClCompile Include="..\..\..\..\refactoring\module\MMD\vmd_bone_animation.cpp">
      <Filter>source\module\MMD</Filter>
    </ClCompile>
    <ClCompile Include="..\..\..\..\refactoring\module\MMD\vmd_camera_animation.cpp">
      <Filter>source\module\MMD</Filter>
    </ClCompile>
    <ClCompile Include="..\..\..\..\refactoring\module\MMD\vmd_light_animation.cpp">
      <Filter>source\module\MMD</Filter>
    </ClCompile>
    <ClCompile Include="..\..\..\..\refactoring\module\MMD\vmd_morph_animation.cpp">
      <Filter>source\module\MMD</Filter>
    </ClCompile>
    <ClCompile Include="..\..\..\..\refactoring\module\ui\cmt_tools_dialog.cpp">
      <Filter>source\module\ui</Filter>
    </ClCompile>
    <ClCompile Include="..\..\..\..\refactoring\cmt_tools_config_manager.cpp">
      <Filter>source</Filter>
    </ClCompile>
    <ClCompile Include="..\..\..\..\refactoring\cmt_tools_manager.cpp">
      <Filter>source</Filter>
    </ClCompile>
    <ClCompile Include="..\..\..\..\refactoring\cmt_scene_manager.cpp">
      <Filter>source</Filter>
    </ClCompile>
    <ClCompile Include="..\..\..\..\refactoring\module\MMD\pmx_weight.cpp">
      <Filter>source\module\MMD</Filter>
    </ClCompile>
    <ClCompile Include="..\..\..\..\refactoring\module\MMD\pmx_vertex_data.cpp">
      <Filter>source\module\MMD</Filter>
    </ClCompile>
    <ClCompile Include="..\..\..\..\refactoring\module\MMD\PMXMaterialData.cpp">
      <Filter>source\module\MMD</Filter>
    </ClCompile>
    <ClCompile Include="..\..\..\..\refactoring\module\MMD\pmx_model_info_data.cpp">
      <Filter>source\module\MMD</Filter>
    </ClCompile>
  </ItemGroup>
  <ItemGroup>
    <ClInclude Include="..\..\..\..\res\R20-S24\description\OMMDModel.h">
      <Filter>res\description</Filter>
    </ClInclude>
    <ClInclude Include="..\..\..\..\res\R20-S24\description\OMMDRigid.h">
      <Filter>res\description</Filter>
    </ClInclude>
    <ClInclude Include="..\..\..\..\res\R20-S24\description\OMMDRigidRoot.h">
      <Filter>res\description</Filter>
    </ClInclude>
    <ClInclude Include="..\..\..\..\res\R20-S24\description\TMMDBone.h">
      <Filter>res\description</Filter>
    </ClInclude>
    <ClInclude Include="..\..\..\..\res\R20-S24\description\OMMDBoneRoot.h">
      <Filter>res\description</Filter>
    </ClInclude>
    <ClInclude Include="..\..\..\..\res\R20-S24\description\OMMDCamera.h">
      <Filter>res\description</Filter>
    </ClInclude>
    <ClInclude Include="..\..\..\..\res\R20-S24\description\OMMDJoint.h">
      <Filter>res\description</Filter>
    </ClInclude>
    <ClInclude Include="..\..\..\..\res\R20-S24\description\OMMDJointRoot.h">
      <Filter>res\description</Filter>
    </ClInclude>
    <ClInclude Include="..\..\..\..\res\R20-S24\description\OMMDMeshRoot.h">
      <Filter>res\description</Filter>
    </ClInclude>
    <ClInclude Include="..\..\..\..\res\R20-S24\c4d_symbols.h">
      <Filter>res</Filter>
    </ClInclude>
    <ClInclude Include="..\..\..\..\refactoring\register_entity.h">
      <Filter>source</Filter>
    </ClInclude>
    <ClInclude Include="..\..\..\..\refactoring\plugin_resource.h">
      <Filter>source</Filter>
    </ClInclude>
    <ClInclude Include="..\..\..\..\refactoring\utils\time_util.hpp">
      <Filter>source\utils</Filter>
    </ClInclude>
    <ClInclude Include="..\..\..\..\refactoring\cmt_tools_config_manager.h">
      <Filter>source</Filter>
    </ClInclude>
    <ClInclude Include="..\..\..\..\refactoring\pch.h">
      <Filter>source</Filter>
    </ClInclude>
    <ClInclude Include="..\..\..\..\refactoring\utils\images_user_area_util.hpp">
      <Filter>source\utils</Filter>
    </ClInclude>
    <ClInclude Include="..\..\..\..\refactoring\module\ui\vmd_loader_camera_dialog.h">
      <Filter>source\module\ui</Filter>
    </ClInclude>
    <ClInclude Include="..\..\..\..\refactoring\utils\filename_util.hpp">
      <Filter>source\utils</Filter>
    </ClInclude>
    <ClInclude Include="..\..\..\..\refactoring\utils\math_util.hpp">
      <Filter>source\utils</Filter>
    </ClInclude>
    <ClInclude Include="..\..\..\..\refactoring\utils\code_conversion_util.hpp">
      <Filter>source\utils</Filter>
    </ClInclude>
    <ClInclude Include="..\..\..\..\refactoring\module\tools\vmd_loader_data.h">
      <Filter>source\module\tools</Filter>
    </ClInclude>
    <ClInclude Include="..\..\..\..\refactoring\module\MMD\vpd_data.h">
      <Filter>source\module\MMD</Filter>
    </ClInclude>
    <ClInclude Include="..\..\..\..\refactoring\module\MMD\pmx_data.h">
      <Filter>source\module\MMD</Filter>
    </ClInclude>
    <ClInclude Include="..\..\..\..\refactoring\module\MMD\vmd_data.h">
      <Filter>source\module\MMD</Filter>
    </ClInclude>
    <ClInclude Include="..\..\..\..\refactoring\module\MMD\vmd_interpolator.h">
      <Filter>source\module\MMD</Filter>
    </ClInclude>
    <ClInclude Include="..\..\..\..\refactoring\module\MMD\vmd_Ik_controller_animation.h">
      <Filter>source\module\MMD</Filter>
    </ClInclude>
    <ClInclude Include="..\..\..\..\refactoring\module\MMD\vmd_bone_animation.h">
      <Filter>source\module\MMD</Filter>
    </ClInclude>
    <ClInclude Include="..\..\..\..\refactoring\module\MMD\vmd_camera_animation.h">
      <Filter>source\module\MMD</Filter>
    </ClInclude>
    <ClInclude Include="..\..\..\..\refactoring\module\MMD\vmd_light_animation.h">
      <Filter>source\module\MMD</Filter>
    </ClInclude>
    <ClInclude Include="..\..\..\..\refactoring\module\MMD\vmd_morph_animation.h">
      <Filter>source\module\MMD</Filter>
    </ClInclude>
    <ClInclude Include="..\..\..\..\refactoring\module\MMD\vmd_shadow_animation.h">
      <Filter>source\module\MMD</Filter>
    </ClInclude>
    <ClInclude Include="..\..\..\..\refactoring\module\MMD\vmd_data_element.h">
      <Filter>source\module\MMD</Filter>
    </ClInclude>
    <ClInclude Include="..\..\..\..\refactoring\module\ui\cmt_tools_dialog.h">
      <Filter>source\module\ui</Filter>
    </ClInclude>
    <ClInclude Include="..\..\..\..\refactoring\cmt_tools_setting.h">
      <Filter>source</Filter>
    </ClInclude>
    <ClInclude Include="..\..\..\..\refactoring\cmt_tools_manager.h">
      <Filter>source</Filter>
    </ClInclude>
    <ClInclude Include="..\..\..\..\refactoring\cmt_scene_manager.h">
      <Filter>source</Filter>
    </ClInclude>
    <ClInclude Include="..\..\..\..\refactoring\module\MMD\pmx_weight.h">
      <Filter>source\module\MMD</Filter>
    </ClInclude>
    <ClInclude Include="..\..\..\..\refactoring\module\MMD\pmx_vertex_data.h">
      <Filter>source\module\MMD</Filter>
    </ClInclude>
    <ClInclude Include="..\..\..\..\refactoring\module\MMD\mmd_base.hpp">
      <Filter>source\module\MMD</Filter>
    </ClInclude>
    <ClInclude Include="..\..\..\..\refactoring\module\MMD\vmd_model_controller_animation.h">
      <Filter>source\module\MMD</Filter>
    </ClInclude>
    <ClInclude Include="..\..\..\..\refactoring\module\MMD\pmx_model_info_data.h">
      <Filter>source\module\MMD</Filter>
    </ClInclude>
    <ClInclude Include="..\..\..\..\refactoring\utils\pmx_util.hpp">
      <Filter>source\utils</Filter>
    </ClInclude>
    <ClInclude Include="..\..\..\..\refactoring\module\MMD\PMXMaterialData.h">
      <Filter>source\module\MMD</Filter>
    </ClInclude>
  </ItemGroup>
  <ItemGroup>
    <None Include="..\..\..\..\res\R20-S24\strings_zh-CN\c4d_strings.str">
      <Filter>res\strings_zh-CN</Filter>
    </None>
    <None Include="..\..\..\..\res\R20-S24\strings_zh-CN\description\OMMDModel.str">
      <Filter>res\strings_zh-CN</Filter>
    </None>
    <None Include="..\..\..\..\res\R20-S24\strings_zh-CN\description\OMMDRigid.str">
      <Filter>res\strings_zh-CN</Filter>
    </None>
    <None Include="..\..\..\..\res\R20-S24\strings_zh-CN\description\OMMDRigidRoot.str">
      <Filter>res\strings_zh-CN</Filter>
    </None>
    <None Include="..\..\..\..\res\R20-S24\strings_zh-CN\description\TMMDBone.str">
      <Filter>res\strings_zh-CN</Filter>
    </None>
    <None Include="..\..\..\..\res\R20-S24\strings_zh-CN\description\OMMDBoneRoot.str">
      <Filter>res\strings_zh-CN</Filter>
    </None>
    <None Include="..\..\..\..\res\R20-S24\strings_zh-CN\description\OMMDCamera.str">
      <Filter>res\strings_zh-CN</Filter>
    </None>
    <None Include="..\..\..\..\res\R20-S24\strings_zh-CN\description\OMMDJoint.str">
      <Filter>res\strings_zh-CN</Filter>
    </None>
    <None Include="..\..\..\..\res\R20-S24\strings_zh-CN\description\OMMDJointRoot.str">
      <Filter>res\strings_zh-CN</Filter>
    </None>
    <None Include="..\..\..\..\res\R20-S24\strings_zh-CN\description\OMMDMeshRoot.str">
      <Filter>res\strings_zh-CN</Filter>
    </None>
    <None Include="..\..\..\..\res\R20-S24\strings_en-US\description\OMMDModel.str">
      <Filter>res\strings_en-US</Filter>
    </None>
    <None Include="..\..\..\..\res\R20-S24\strings_en-US\description\OMMDRigid.str">
      <Filter>res\strings_en-US</Filter>
    </None>
    <None Include="..\..\..\..\res\R20-S24\strings_en-US\description\OMMDRigidRoot.str">
      <Filter>res\strings_en-US</Filter>
    </None>
    <None Include="..\..\..\..\res\R20-S24\strings_en-US\description\TMMDBone.str">
      <Filter>res\strings_en-US</Filter>
    </None>
    <None Include="..\..\..\..\res\R20-S24\strings_en-US\description\OMMDBoneRoot.str">
      <Filter>res\strings_en-US</Filter>
    </None>
    <None Include="..\..\..\..\res\R20-S24\strings_en-US\description\OMMDCamera.str">
      <Filter>res\strings_en-US</Filter>
    </None>
    <None Include="..\..\..\..\res\R20-S24\strings_en-US\description\OMMDJoint.str">
      <Filter>res\strings_en-US</Filter>
    </None>
    <None Include="..\..\..\..\res\R20-S24\strings_en-US\description\OMMDJointRoot.str">
      <Filter>res\strings_en-US</Filter>
    </None>
    <None Include="..\..\..\..\res\R20-S24\strings_en-US\description\OMMDMeshRoot.str">
      <Filter>res\strings_en-US</Filter>
    </None>
    <None Include="..\..\..\..\res\R20-S24\strings_en-US\c4d_strings.str">
      <Filter>res\strings_en-US</Filter>
    </None>
    <None Include="..\..\..\..\res\R20-S24\description\OMMDBoneRoot.res">
      <Filter>res\description</Filter>
    </None>
    <None Include="..\..\..\..\res\R20-S24\dialogs\DLG_CMT_TOOL.res">
      <Filter>res\dialogs</Filter>
    </None>
    <None Include="..\..\..\..\res\R20-S24\strings_en-US\dialogs\DLG_CMT_TOOL.str">
      <Filter>res\strings_en-US</Filter>
    </None>
    <None Include="..\..\..\..\res\R20-S24\strings_zh-CN\dialogs\DLG_CMT_TOOL.str">
      <Filter>res\strings_zh-CN</Filter>
    </None>
    <None Include="ClassDiagram.cd" />
  </ItemGroup>
</Project>