<?xml version="1.0" encoding="utf-8" standalone="yes"?>
<Project ToolsVersion="4.0" xmlns="http://schemas.microsoft.com/developer/msbuild/2003">
  <ItemGroup>
    <Filter Include="generated">
      <UniqueIdentifier>{EDBA06FB-951B-0500-0000-5284111A998F}</UniqueIdentifier>
    </Filter>
    <Filter Include="generated\hxx">
      <UniqueIdentifier>{EDBA06FB-951B-0500-8ACC-618A6830A19B}</UniqueIdentifier>
    </Filter>
    <Filter Include="source">
      <UniqueIdentifier>{EDBA06FB-951B-0500-0000-0000CA90681B}</UniqueIdentifier>
    </Filter>
    <Filter Include="source\maxon">
      <UniqueIdentifier>{EDBA06FB-951B-0500-29DB-81C65E166B42}</UniqueIdentifier>
    </Filter>
  </ItemGroup>
  <ItemGroup>
    <ClCompile Include="..\generated\hxx\register.cpp">
      <Filter>generated\hxx</Filter>
    </ClCompile>
    <ClCompile Include="..\source\maxon\profiler.cpp">
      <Filter>source\maxon</Filter>
    </ClCompile>
  </ItemGroup>
  <ItemGroup>
    <ClInclude Include="..\source\maxon\changelist.h">
      <Filter>source\maxon</Filter>
    </ClInclude>
    <ClInclude Include="..\source\maxon\filemonitor.h">
      <Filter>source\maxon</Filter>
    </ClInclude>
    <ClInclude Include="..\source\maxon\formulaparser.h">
      <Filter>source\maxon</Filter>
    </ClInclude>
    <ClInclude Include="..\source\maxon\gmlwriter.h">
      <Filter>source\maxon</Filter>
    </ClInclude>
    <ClInclude Include="..\source\maxon\graph_basics.h">
      <Filter>source\maxon</Filter>
    </ClInclude>
    <ClInclude Include="..\source\maxon\io.h">
      <Filter>source\maxon</Filter>
    </ClInclude>
    <ClInclude Include="..\source\maxon\ioxmlparser.h">
      <Filter>source\maxon</Filter>
    </ClInclude>
    <ClInclude Include="..\source\maxon\optional_scc.h">
      <Filter>source\maxon</Filter>
    </ClInclude>
    <ClInclude Include="..\source\maxon\profiler.h">
      <Filter>source\maxon</Filter>
    </ClInclude>
    <ClInclude Include="..\source\maxon\profiler_disabled.h">
      <Filter>source\maxon</Filter>
    </ClInclude>
    <ClInclude Include="..\source\maxon\progressmonitor.h">
      <Filter>source\maxon</Filter>
    </ClInclude>
    <ClInclude Include="..\source\maxon\ramdisk.h">
      <Filter>source\maxon</Filter>
    </ClInclude>
    <ClInclude Include="..\source\maxon\ruleparser.h">
      <Filter>source\maxon</Filter>
    </ClInclude>
    <ClInclude Include="..\source\maxon\sourcecontrol.h">
      <Filter>source\maxon</Filter>
    </ClInclude>
    <ClInclude Include="..\source\maxon\sqldatabase.h">
      <Filter>source\maxon</Filter>
    </ClInclude>
    <ClInclude Include="..\source\maxon\stringregularexpression.h">
      <Filter>source\maxon</Filter>
    </ClInclude>
    <ClInclude Include="..\source\maxon\subdata.h">
      <Filter>source\maxon</Filter>
    </ClInclude>
    <ClInclude Include="..\source\maxon\timestamp.h">
      <Filter>source\maxon</Filter>
    </ClInclude>
    <ClInclude Include="..\source\maxon\unittest.h">
      <Filter>source\maxon</Filter>
    </ClInclude>
  </ItemGroup>
</Project>
