<?xml version="1.0" encoding="utf-8" standalone="yes"?>
<Project ToolsVersion="4.0" xmlns="http://schemas.microsoft.com/developer/msbuild/2003">
  <ItemGroup>
    <Filter Include="generated">
      <UniqueIdentifier>{F25E1DE5-7B9B-0BF3-0000-5284111A998F}</UniqueIdentifier>
    </Filter>
    <Filter Include="generated\hxx">
      <UniqueIdentifier>{F25E1DE5-7B9B-0BF3-8ACC-618A6830A19B}</UniqueIdentifier>
    </Filter>
    <Filter Include="source">
      <UniqueIdentifier>{F25E1DE5-7B9B-0BF3-0000-0000CA90681B}</UniqueIdentifier>
    </Filter>
    <Filter Include="source\maxon">
      <UniqueIdentifier>{F25E1DE5-7B9B-0BF3-29DB-81C65E166B42}</UniqueIdentifier>
    </Filter>
    <Filter Include="source\maxon\math">
      <UniqueIdentifier>{F25E1DE5-7B9B-0BF3-3AAD-37C60C17C762}</UniqueIdentifier>
    </Filter>
    <Filter Include="source\maxon\utilities">
      <UniqueIdentifier>{F25E1DE5-7B9B-0BF3-95F1-5D6144AE1EF0}</UniqueIdentifier>
    </Filter>
  </ItemGroup>
  <ItemGroup>
    <ClCompile Include="..\generated\hxx\register.cpp">
      <Filter>generated\hxx</Filter>
    </ClCompile>
    <ClCompile Include="..\source\maxon\application.cpp">
      <Filter>source\maxon</Filter>
    </ClCompile>
    <ClCompile Include="..\source\maxon\bytesvalue.cpp">
      <Filter>source\maxon</Filter>
    </ClCompile>
    <ClCompile Include="..\source\maxon\configuration.cpp">
      <Filter>source\maxon</Filter>
    </ClCompile>
    <ClCompile Include="..\source\maxon\cpuid.cpp">
      <Filter>source\maxon</Filter>
    </ClCompile>
    <ClCompile Include="..\source\maxon\cpuyield.cpp">
      <Filter>source\maxon</Filter>
    </ClCompile>
    <ClCompile Include="..\source\maxon\crashhandlerglobals.cpp">
      <Filter>source\maxon</Filter>
    </ClCompile>
    <ClCompile Include="..\source\maxon\crc32c.cpp">
      <Filter>source\maxon</Filter>
    </ClCompile>
    <ClCompile Include="..\source\maxon\datadescriptiondatabase.cpp">
      <Filter>source\maxon</Filter>
    </ClCompile>
    <ClCompile Include="..\source\maxon\datadictionary.cpp">
      <Filter>source\maxon</Filter>
    </ClCompile>
    <ClCompile Include="..\source\maxon\datadictionaryobject.cpp">
      <Filter>source\maxon</Filter>
    </ClCompile>
    <ClCompile Include="..\source\maxon\dataformat.cpp">
      <Filter>source\maxon</Filter>
    </ClCompile>
    <ClCompile Include="..\source\maxon\datatype.cpp">
      <Filter>source\maxon</Filter>
    </ClCompile>
    <ClCompile Include="..\source\maxon\datetime_impl.cpp">
      <Filter>source\maxon</Filter>
    </ClCompile>
    <ClCompile Include="..\source\maxon\debugglobals.cpp">
      <Filter>source\maxon</Filter>
    </ClCompile>
    <ClCompile Include="..\source\maxon\general_math.cpp">
      <Filter>source\maxon</Filter>
    </ClCompile>
    <ClCompile Include="..\source\maxon\generic_basearray.cpp">
      <Filter>source\maxon</Filter>
    </ClCompile>
    <ClCompile Include="..\source\maxon\iostreams.cpp">
      <Filter>source\maxon</Filter>
    </ClCompile>
    <ClCompile Include="..\source\maxon\lib_math.cpp">
      <Filter>source\maxon</Filter>
    </ClCompile>
    <ClCompile Include="..\source\maxon\multiindex.cpp">
      <Filter>source\maxon</Filter>
    </ClCompile>
    <ClCompile Include="..\source\maxon\object.cpp">
      <Filter>source\maxon</Filter>
    </ClCompile>
    <ClCompile Include="..\source\maxon\reflection.cpp">
      <Filter>source\maxon</Filter>
    </ClCompile>
    <ClCompile Include="..\source\maxon\spinlock.cpp">
      <Filter>source\maxon</Filter>
    </ClCompile>
    <ClCompile Include="..\source\maxon\stacktrace.cpp">
      <Filter>source\maxon</Filter>
    </ClCompile>
    <ClCompile Include="..\source\maxon\streamconversion.cpp">
      <Filter>source\maxon</Filter>
    </ClCompile>
    <ClCompile Include="..\source\maxon\string.cpp">
      <Filter>source\maxon</Filter>
    </ClCompile>
    <ClCompile Include="..\source\maxon\stringencoding.cpp">
      <Filter>source\maxon</Filter>
    </ClCompile>
    <ClCompile Include="..\source\maxon\thread.cpp">
      <Filter>source\maxon</Filter>
    </ClCompile>
    <ClCompile Include="..\source\maxon\timer.cpp">
      <Filter>source\maxon</Filter>
    </ClCompile>
    <ClCompile Include="..\source\maxon\timevalue.cpp">
      <Filter>source\maxon</Filter>
    </ClCompile>
    <ClCompile Include="..\source\maxon\url.cpp">
      <Filter>source\maxon</Filter>
    </ClCompile>
    <ClCompile Include="..\source\maxon\utilities\apibaseid.cpp">
      <Filter>source\maxon\utilities</Filter>
    </ClCompile>
    <ClCompile Include="..\source\maxon\utilities\apibasemath.cpp">
      <Filter>source\maxon\utilities</Filter>
    </ClCompile>
    <ClCompile Include="..\source\maxon\utilities\iostreams_helper.cpp">
      <Filter>source\maxon\utilities</Filter>
    </ClCompile>
    <ClCompile Include="..\source\maxon\weakref.cpp">
      <Filter>source\maxon</Filter>
    </ClCompile>
    <ClCompile Include="..\source\maxon\win_strptime.cpp">
      <Filter>source\maxon</Filter>
    </ClCompile>
  </ItemGroup>
  <ItemGroup>
    <ClInclude Include="..\source\maxon\abitype.h">
      <Filter>source\maxon</Filter>
    </ClInclude>
    <ClInclude Include="..\source\maxon\algorithms.h">
      <Filter>source\maxon</Filter>
    </ClInclude>
    <ClInclude Include="..\source\maxon\ansi_type_conversions.h">
      <Filter>source\maxon</Filter>
    </ClInclude>
    <ClInclude Include="..\source\maxon\apibase.h">
      <Filter>source\maxon</Filter>
    </ClInclude>
    <ClInclude Include="..\source\maxon\application.h">
      <Filter>source\maxon</Filter>
    </ClInclude>
    <ClInclude Include="..\source\maxon\array.h">
      <Filter>source\maxon</Filter>
    </ClInclude>
    <ClInclude Include="..\source\maxon\arraymap.h">
      <Filter>source\maxon</Filter>
    </ClInclude>
    <ClInclude Include="..\source\maxon\arwlock.h">
      <Filter>source\maxon</Filter>
    </ClInclude>
    <ClInclude Include="..\source\maxon\atomictypes.h">
      <Filter>source\maxon</Filter>
    </ClInclude>
    <ClInclude Include="..\source\maxon\basearray.h">
      <Filter>source\maxon</Filter>
    </ClInclude>
    <ClInclude Include="..\source\maxon\basebitset.h">
      <Filter>source\maxon</Filter>
    </ClInclude>
    <ClInclude Include="..\source\maxon\baselist.h">
      <Filter>source\maxon</Filter>
    </ClInclude>
    <ClInclude Include="..\source\maxon\baseref.h">
      <Filter>source\maxon</Filter>
    </ClInclude>
    <ClInclude Include="..\source\maxon\bitmanipulation.h">
      <Filter>source\maxon</Filter>
    </ClInclude>
    <ClInclude Include="..\source\maxon\block.h">
      <Filter>source\maxon</Filter>
    </ClInclude>
    <ClInclude Include="..\source\maxon\blockarray.h">
      <Filter>source\maxon</Filter>
    </ClInclude>
    <ClInclude Include="..\source\maxon\blockbufferallocator.h">
      <Filter>source\maxon</Filter>
    </ClInclude>
    <ClInclude Include="..\source\maxon\branch.h">
      <Filter>source\maxon</Filter>
    </ClInclude>
    <ClInclude Include="..\source\maxon\bursttriemap.h">
      <Filter>source\maxon</Filter>
    </ClInclude>
    <ClInclude Include="..\source\maxon\byteorder.h">
      <Filter>source\maxon</Filter>
    </ClInclude>
    <ClInclude Include="..\source\maxon\bytesvalue.h">
      <Filter>source\maxon</Filter>
    </ClInclude>
    <ClInclude Include="..\source\maxon\collection.h">
      <Filter>source\maxon</Filter>
    </ClInclude>
    <ClInclude Include="..\source\maxon\conditionvariable.h">
      <Filter>source\maxon</Filter>
    </ClInclude>
    <ClInclude Include="..\source\maxon\configuration.h">
      <Filter>source\maxon</Filter>
    </ClInclude>
    <ClInclude Include="..\source\maxon\configurationdatabase.h">
      <Filter>source\maxon</Filter>
    </ClInclude>
    <ClInclude Include="..\source\maxon\contiguousrangemap.h">
      <Filter>source\maxon</Filter>
    </ClInclude>
    <ClInclude Include="..\source\maxon\cpuid.h">
      <Filter>source\maxon</Filter>
    </ClInclude>
    <ClInclude Include="..\source\maxon\cpuyield.h">
      <Filter>source\maxon</Filter>
    </ClInclude>
    <ClInclude Include="..\source\maxon\crashhandler.h">
      <Filter>source\maxon</Filter>
    </ClInclude>
    <ClInclude Include="..\source\maxon\crashhandlerglobals.h">
      <Filter>source\maxon</Filter>
    </ClInclude>
    <ClInclude Include="..\source\maxon\crashreportproperty.h">
      <Filter>source\maxon</Filter>
    </ClInclude>
    <ClInclude Include="..\source\maxon\crashreportservices.h">
      <Filter>source\maxon</Filter>
    </ClInclude>
    <ClInclude Include="..\source\maxon\crc32c.h">
      <Filter>source\maxon</Filter>
    </ClInclude>
    <ClInclude Include="..\source\maxon\cstdliballocator.h">
      <Filter>source\maxon</Filter>
    </ClInclude>
    <ClInclude Include="..\source\maxon\customallocator.h">
      <Filter>source\maxon</Filter>
    </ClInclude>
    <ClInclude Include="..\source\maxon\customstlallocator.h">
      <Filter>source\maxon</Filter>
    </ClInclude>
    <ClInclude Include="..\source\maxon\datadescription.h">
      <Filter>source\maxon</Filter>
    </ClInclude>
    <ClInclude Include="..\source\maxon\datadescription_category.h">
      <Filter>source\maxon</Filter>
    </ClInclude>
    <ClInclude Include="..\source\maxon\datadescription_data.h">
      <Filter>source\maxon</Filter>
    </ClInclude>
    <ClInclude Include="..\source\maxon\datadescription_string.h">
      <Filter>source\maxon</Filter>
    </ClInclude>
    <ClInclude Include="..\source\maxon\datadescription_ui.h">
      <Filter>source\maxon</Filter>
    </ClInclude>
    <ClInclude Include="..\source\maxon\datadescriptiondatabase.h">
      <Filter>source\maxon</Filter>
    </ClInclude>
    <ClInclude Include="..\source\maxon\datadescriptiondefinition.h">
      <Filter>source\maxon</Filter>
    </ClInclude>
    <ClInclude Include="..\source\maxon\datadescriptiondefinitiondatabase.h">
      <Filter>source\maxon</Filter>
    </ClInclude>
    <ClInclude Include="..\source\maxon\datadescriptiondefinitiondatabaseimpl.h">
      <Filter>source\maxon</Filter>
    </ClInclude>
    <ClInclude Include="..\source\maxon\datadescriptionobject.h">
      <Filter>source\maxon</Filter>
    </ClInclude>
    <ClInclude Include="..\source\maxon\datadictionary.h">
      <Filter>source\maxon</Filter>
    </ClInclude>
    <ClInclude Include="..\source\maxon\datadictionaryiterator.h">
      <Filter>source\maxon</Filter>
    </ClInclude>
    <ClInclude Include="..\source\maxon\datadictionaryobject.h">
      <Filter>source\maxon</Filter>
    </ClInclude>
    <ClInclude Include="..\source\maxon\dataformat.h">
      <Filter>source\maxon</Filter>
    </ClInclude>
    <ClInclude Include="..\source\maxon\dataformat_base.h">
      <Filter>source\maxon</Filter>
    </ClInclude>
    <ClInclude Include="..\source\maxon\dataformat_basictypes.h">
      <Filter>source\maxon</Filter>
    </ClInclude>
    <ClInclude Include="..\source\maxon\dataformat_binary.h">
      <Filter>source\maxon</Filter>
    </ClInclude>
    <ClInclude Include="..\source\maxon\dataserialize.h">
      <Filter>source\maxon</Filter>
    </ClInclude>
    <ClInclude Include="..\source\maxon\datatype.h">
      <Filter>source\maxon</Filter>
    </ClInclude>
    <ClInclude Include="..\source\maxon\datatypebase.h">
      <Filter>source\maxon</Filter>
    </ClInclude>
    <ClInclude Include="..\source\maxon\datatypefunctions.h">
      <Filter>source\maxon</Filter>
    </ClInclude>
    <ClInclude Include="..\source\maxon\datatypelib.h">
      <Filter>source\maxon</Filter>
    </ClInclude>
    <ClInclude Include="..\source\maxon\datetime.h">
      <Filter>source\maxon</Filter>
    </ClInclude>
    <ClInclude Include="..\source\maxon\debug_hardwarebreakpoints.h">
      <Filter>source\maxon</Filter>
    </ClInclude>
    <ClInclude Include="..\source\maxon\debugglobals.h">
      <Filter>source\maxon</Filter>
    </ClInclude>
    <ClInclude Include="..\source\maxon\decorator.h">
      <Filter>source\maxon</Filter>
    </ClInclude>
    <ClInclude Include="..\source\maxon\defaultallocator.h">
      <Filter>source\maxon</Filter>
    </ClInclude>
    <ClInclude Include="..\source\maxon\delegate.h">
      <Filter>source\maxon</Filter>
    </ClInclude>
    <ClInclude Include="..\source\maxon\descriptionprocessor.h">
      <Filter>source\maxon</Filter>
    </ClInclude>
    <ClInclude Include="..\source\maxon\dll.h">
      <Filter>source\maxon</Filter>
    </ClInclude>
    <ClInclude Include="..\source\maxon\dynamic_tuple.h">
      <Filter>source\maxon</Filter>
    </ClInclude>
    <ClInclude Include="..\source\maxon\entity.h">
      <Filter>source\maxon</Filter>
    </ClInclude>
    <ClInclude Include="..\source\maxon\error.h">
      <Filter>source\maxon</Filter>
    </ClInclude>
    <ClInclude Include="..\source\maxon\errorbase.h">
      <Filter>source\maxon</Filter>
    </ClInclude>
    <ClInclude Include="..\source\maxon\execution.h">
      <Filter>source\maxon</Filter>
    </ClInclude>
    <ClInclude Include="..\source\maxon\factory.h">
      <Filter>source\maxon</Filter>
    </ClInclude>
    <ClInclude Include="..\source\maxon\fid.h">
      <Filter>source\maxon</Filter>
    </ClInclude>
    <ClInclude Include="..\source\maxon\file_utilities.h">
      <Filter>source\maxon</Filter>
    </ClInclude>
    <ClInclude Include="..\source\maxon\fileformat.h">
      <Filter>source\maxon</Filter>
    </ClInclude>
    <ClInclude Include="..\source\maxon\fileformat_detectioncache.h">
      <Filter>source\maxon</Filter>
    </ClInclude>
    <ClInclude Include="..\source\maxon\fileformat_handler.h">
      <Filter>source\maxon</Filter>
    </ClInclude>
    <ClInclude Include="..\source\maxon\fixedbufferallocator.h">
      <Filter>source\maxon</Filter>
    </ClInclude>
    <ClInclude Include="..\source\maxon\fixedsizebitset.h">
      <Filter>source\maxon</Filter>
    </ClInclude>
    <ClInclude Include="..\source\maxon\floatingpoint.h">
      <Filter>source\maxon</Filter>
    </ClInclude>
    <ClInclude Include="..\source\maxon\foreach.h">
      <Filter>source\maxon</Filter>
    </ClInclude>
    <ClInclude Include="..\source\maxon\forwardref.h">
      <Filter>source\maxon</Filter>
    </ClInclude>
    <ClInclude Include="..\source\maxon\general_math.h">
      <Filter>source\maxon</Filter>
    </ClInclude>
    <ClInclude Include="..\source\maxon\generic_basearray.h">
      <Filter>source\maxon</Filter>
    </ClInclude>
    <ClInclude Include="..\source\maxon\genericdata.h">
      <Filter>source\maxon</Filter>
    </ClInclude>
    <ClInclude Include="..\source\maxon\genericfunction.h">
      <Filter>source\maxon</Filter>
    </ClInclude>
    <ClInclude Include="..\source\maxon\hashbitset.h">
      <Filter>source\maxon</Filter>
    </ClInclude>
    <ClInclude Include="..\source\maxon\hashmap.h">
      <Filter>source\maxon</Filter>
    </ClInclude>
    <ClInclude Include="..\source\maxon\hashmapstats.h">
      <Filter>source\maxon</Filter>
    </ClInclude>
    <ClInclude Include="..\source\maxon\hierarchyiterator.h">
      <Filter>source\maxon</Filter>
    </ClInclude>
    <ClInclude Include="..\source\maxon\hierarchyobject.h">
      <Filter>source\maxon</Filter>
    </ClInclude>
    <ClInclude Include="..\source\maxon\hybridmap.h">
      <Filter>source\maxon</Filter>
    </ClInclude>
    <ClInclude Include="..\source\maxon\idandversion.h">
      <Filter>source\maxon</Filter>
    </ClInclude>
    <ClInclude Include="..\source\maxon\indexiterator.h">
      <Filter>source\maxon</Filter>
    </ClInclude>
    <ClInclude Include="..\source\maxon\integer.h">
      <Filter>source\maxon</Filter>
    </ClInclude>
    <ClInclude Include="..\source\maxon\interface.h">
      <Filter>source\maxon</Filter>
    </ClInclude>
    <ClInclude Include="..\source\maxon\interfacebase.h">
      <Filter>source\maxon</Filter>
    </ClInclude>
    <ClInclude Include="..\source\maxon\interfacetemplate.h">
      <Filter>source\maxon</Filter>
    </ClInclude>
    <ClInclude Include="..\source\maxon\interfacetemplate_instantiation.h">
      <Filter>source\maxon</Filter>
    </ClInclude>
    <ClInclude Include="..\source\maxon\intfloat.h">
      <Filter>source\maxon</Filter>
    </ClInclude>
    <ClInclude Include="..\source\maxon\ioarchivehandler.h">
      <Filter>source\maxon</Filter>
    </ClInclude>
    <ClInclude Include="..\source\maxon\iobrowse.h">
      <Filter>source\maxon</Filter>
    </ClInclude>
    <ClInclude Include="..\source\maxon\ioconnection.h">
      <Filter>source\maxon</Filter>
    </ClInclude>
    <ClInclude Include="..\source\maxon\ioenums.h">
      <Filter>source\maxon</Filter>
    </ClInclude>
    <ClInclude Include="..\source\maxon\iohandler.h">
      <Filter>source\maxon</Filter>
    </ClInclude>
    <ClInclude Include="..\source\maxon\iomemory.h">
      <Filter>source\maxon</Filter>
    </ClInclude>
    <ClInclude Include="..\source\maxon\iostream_dualinoutput.h">
      <Filter>source\maxon</Filter>
    </ClInclude>
    <ClInclude Include="..\source\maxon\iostream_pipe.h">
      <Filter>source\maxon</Filter>
    </ClInclude>
    <ClInclude Include="..\source\maxon\iostreams.h">
      <Filter>source\maxon</Filter>
    </ClInclude>
    <ClInclude Include="..\source\maxon\java.h">
      <Filter>source\maxon</Filter>
    </ClInclude>
    <ClInclude Include="..\source\maxon\job.h">
      <Filter>source\maxon</Filter>
    </ClInclude>
    <ClInclude Include="..\source\maxon\jobgroup.h">
      <Filter>source\maxon</Filter>
    </ClInclude>
    <ClInclude Include="..\source\maxon\jobqueue.h">
      <Filter>source\maxon</Filter>
    </ClInclude>
    <ClInclude Include="..\source\maxon\lazyinit.h">
      <Filter>source\maxon</Filter>
    </ClInclude>
    <ClInclude Include="..\source\maxon\lazyinitthreaded.h">
      <Filter>source\maxon</Filter>
    </ClInclude>
    <ClInclude Include="..\source\maxon\lexer.h">
      <Filter>source\maxon</Filter>
    </ClInclude>
    <ClInclude Include="..\source\maxon\lib_math.h">
      <Filter>source\maxon</Filter>
    </ClInclude>
    <ClInclude Include="..\source\maxon\lockservices.h">
      <Filter>source\maxon</Filter>
    </ClInclude>
    <ClInclude Include="..\source\maxon\logger.h">
      <Filter>source\maxon</Filter>
    </ClInclude>
    <ClInclude Include="..\source\maxon\machine.h">
      <Filter>source\maxon</Filter>
    </ClInclude>
    <ClInclude Include="..\source\maxon\machineinfo.h">
      <Filter>source\maxon</Filter>
    </ClInclude>
    <ClInclude Include="..\source\maxon\map.h">
      <Filter>source\maxon</Filter>
    </ClInclude>
    <ClInclude Include="..\source\maxon\math\col.h">
      <Filter>source\maxon\math</Filter>
    </ClInclude>
    <ClInclude Include="..\source\maxon\math\col4.h">
      <Filter>source\maxon\math</Filter>
    </ClInclude>
    <ClInclude Include="..\source\maxon\math\vec.h">
      <Filter>source\maxon\math</Filter>
    </ClInclude>
    <ClInclude Include="..\source\maxon\math\vec2.h">
      <Filter>source\maxon\math</Filter>
    </ClInclude>
    <ClInclude Include="..\source\maxon\math\vec4.h">
      <Filter>source\maxon\math</Filter>
    </ClInclude>
    <ClInclude Include="..\source\maxon\matrix.h">
      <Filter>source\maxon</Filter>
    </ClInclude>
    <ClInclude Include="..\source\maxon\matrix2d.h">
      <Filter>source\maxon</Filter>
    </ClInclude>
    <ClInclude Include="..\source\maxon\matrix4d.h">
      <Filter>source\maxon</Filter>
    </ClInclude>
    <ClInclude Include="..\source\maxon\module.h">
      <Filter>source\maxon</Filter>
    </ClInclude>
    <ClInclude Include="..\source\maxon\moduleversioninfo.h">
      <Filter>source\maxon</Filter>
    </ClInclude>
    <ClInclude Include="..\source\maxon\multiindex.h">
      <Filter>source\maxon</Filter>
    </ClInclude>
    <ClInclude Include="..\source\maxon\nullallocator.h">
      <Filter>source\maxon</Filter>
    </ClInclude>
    <ClInclude Include="..\source\maxon\nullvalue.h">
      <Filter>source\maxon</Filter>
    </ClInclude>
    <ClInclude Include="..\source\maxon\object.h">
      <Filter>source\maxon</Filter>
    </ClInclude>
    <ClInclude Include="..\source\maxon\objectbase.h">
      <Filter>source\maxon</Filter>
    </ClInclude>
    <ClInclude Include="..\source\maxon\observable.h">
      <Filter>source\maxon</Filter>
    </ClInclude>
    <ClInclude Include="..\source\maxon\observerobject.h">
      <Filter>source\maxon</Filter>
    </ClInclude>
    <ClInclude Include="..\source\maxon\opaqueref.h">
      <Filter>source\maxon</Filter>
    </ClInclude>
    <ClInclude Include="..\source\maxon\optional.h">
      <Filter>source\maxon</Filter>
    </ClInclude>
    <ClInclude Include="..\source\maxon\parallelfor.h">
      <Filter>source\maxon</Filter>
    </ClInclude>
    <ClInclude Include="..\source\maxon\parallelfordynamic.h">
      <Filter>source\maxon</Filter>
    </ClInclude>
    <ClInclude Include="..\source\maxon\parallelforstatic.h">
      <Filter>source\maxon</Filter>
    </ClInclude>
    <ClInclude Include="..\source\maxon\parallelimage.h">
      <Filter>source\maxon</Filter>
    </ClInclude>
    <ClInclude Include="..\source\maxon\parallelinvoke.h">
      <Filter>source\maxon</Filter>
    </ClInclude>
    <ClInclude Include="..\source\maxon\parallelsort.h">
      <Filter>source\maxon</Filter>
    </ClInclude>
    <ClInclude Include="..\source\maxon\parametertype.h">
      <Filter>source\maxon</Filter>
    </ClInclude>
    <ClInclude Include="..\source\maxon\parametric_type.h">
      <Filter>source\maxon</Filter>
    </ClInclude>
    <ClInclude Include="..\source\maxon\parser_json.h">
      <Filter>source\maxon</Filter>
    </ClInclude>
    <ClInclude Include="..\source\maxon\parser_jwt.h">
      <Filter>source\maxon</Filter>
    </ClInclude>
    <ClInclude Include="..\source\maxon\partialorder.h">
      <Filter>source\maxon</Filter>
    </ClInclude>
    <ClInclude Include="..\source\maxon\pointerarray.h">
      <Filter>source\maxon</Filter>
    </ClInclude>
    <ClInclude Include="..\source\maxon\private_atomic_core.h">
      <Filter>source\maxon</Filter>
    </ClInclude>
    <ClInclude Include="..\source\maxon\queue.h">
      <Filter>source\maxon</Filter>
    </ClInclude>
    <ClInclude Include="..\source\maxon\range.h">
      <Filter>source\maxon</Filter>
    </ClInclude>
    <ClInclude Include="..\source\maxon\rangemap.h">
      <Filter>source\maxon</Filter>
    </ClInclude>
    <ClInclude Include="..\source\maxon\refcount_hashmap.h">
      <Filter>source\maxon</Filter>
    </ClInclude>
    <ClInclude Include="..\source\maxon\reflection.h">
      <Filter>source\maxon</Filter>
    </ClInclude>
    <ClInclude Include="..\source\maxon\reflection_invocation.h">
      <Filter>source\maxon</Filter>
    </ClInclude>
    <ClInclude Include="..\source\maxon\reflection_registration.h">
      <Filter>source\maxon</Filter>
    </ClInclude>
    <ClInclude Include="..\source\maxon\reflectionbase.h">
      <Filter>source\maxon</Filter>
    </ClInclude>
    <ClInclude Include="..\source\maxon\register.h">
      <Filter>source\maxon</Filter>
    </ClInclude>
    <ClInclude Include="..\source\maxon\registry.h">
      <Filter>source\maxon</Filter>
    </ClInclude>
    <ClInclude Include="..\source\maxon\registrybase.h">
      <Filter>source\maxon</Filter>
    </ClInclude>
    <ClInclude Include="..\source\maxon\release_title.h">
      <Filter>source\maxon</Filter>
    </ClInclude>
    <ClInclude Include="..\source\maxon\runloop.h">
      <Filter>source\maxon</Filter>
    </ClInclude>
    <ClInclude Include="..\source\maxon\secure_random.h">
      <Filter>source\maxon</Filter>
    </ClInclude>
    <ClInclude Include="..\source\maxon\sequence_utilities.h">
      <Filter>source\maxon</Filter>
    </ClInclude>
    <ClInclude Include="..\source\maxon\serializer.h">
      <Filter>source\maxon</Filter>
    </ClInclude>
    <ClInclude Include="..\source\maxon\set.h">
      <Filter>source\maxon</Filter>
    </ClInclude>
    <ClInclude Include="..\source\maxon\sharedref.h">
      <Filter>source\maxon</Filter>
    </ClInclude>
    <ClInclude Include="..\source\maxon\sort.h">
      <Filter>source\maxon</Filter>
    </ClInclude>
    <ClInclude Include="..\source\maxon\sortedarray.h">
      <Filter>source\maxon</Filter>
    </ClInclude>
    <ClInclude Include="..\source\maxon\spinlock.h">
      <Filter>source\maxon</Filter>
    </ClInclude>
    <ClInclude Include="..\source\maxon\sse_general.h">
      <Filter>source\maxon</Filter>
    </ClInclude>
    <ClInclude Include="..\source\maxon\sse_helper.h">
      <Filter>source\maxon</Filter>
    </ClInclude>
    <ClInclude Include="..\source\maxon\sse_intrinsics_42.h">
      <Filter>source\maxon</Filter>
    </ClInclude>
    <ClInclude Include="..\source\maxon\sse_matrix_4f32.h">
      <Filter>source\maxon</Filter>
    </ClInclude>
    <ClInclude Include="..\source\maxon\sse_vector.h">
      <Filter>source\maxon</Filter>
    </ClInclude>
    <ClInclude Include="..\source\maxon\sse_vector_2f64.h">
      <Filter>source\maxon</Filter>
    </ClInclude>
    <ClInclude Include="..\source\maxon\sse_vector_4f32.h">
      <Filter>source\maxon</Filter>
    </ClInclude>
    <ClInclude Include="..\source\maxon\sse_vector_4f64.h">
      <Filter>source\maxon</Filter>
    </ClInclude>
    <ClInclude Include="..\source\maxon\sse_vector_4i32.h">
      <Filter>source\maxon</Filter>
    </ClInclude>
    <ClInclude Include="..\source\maxon\sse_vector_8f32.h">
      <Filter>source\maxon</Filter>
    </ClInclude>
    <ClInclude Include="..\source\maxon\sse_vector_8i32.h">
      <Filter>source\maxon</Filter>
    </ClInclude>
    <ClInclude Include="..\source\maxon\stackbufferallocator.h">
      <Filter>source\maxon</Filter>
    </ClInclude>
    <ClInclude Include="..\source\maxon\stacktrace.h">
      <Filter>source\maxon</Filter>
    </ClInclude>
    <ClInclude Include="..\source\maxon\streamconversion.h">
      <Filter>source\maxon</Filter>
    </ClInclude>
    <ClInclude Include="..\source\maxon\streamconversion_impl_helper.h">
      <Filter>source\maxon</Filter>
    </ClInclude>
    <ClInclude Include="..\source\maxon\string.h">
      <Filter>source\maxon</Filter>
    </ClInclude>
    <ClInclude Include="..\source\maxon\stringconversion.h">
      <Filter>source\maxon</Filter>
    </ClInclude>
    <ClInclude Include="..\source\maxon\stringencoding.h">
      <Filter>source\maxon</Filter>
    </ClInclude>
    <ClInclude Include="..\source\maxon\stringresource.h">
      <Filter>source\maxon</Filter>
    </ClInclude>
    <ClInclude Include="..\source\maxon\symbolification.h">
      <Filter>source\maxon</Filter>
    </ClInclude>
    <ClInclude Include="..\source\maxon\synchronized.h">
      <Filter>source\maxon</Filter>
    </ClInclude>
    <ClInclude Include="..\source\maxon\system.h">
      <Filter>source\maxon</Filter>
    </ClInclude>
    <ClInclude Include="..\source\maxon\system_process.h">
      <Filter>source\maxon</Filter>
    </ClInclude>
    <ClInclude Include="..\source\maxon\systemerror.h">
      <Filter>source\maxon</Filter>
    </ClInclude>
    <ClInclude Include="..\source\maxon\taggedbaseref.h">
      <Filter>source\maxon</Filter>
    </ClInclude>
    <ClInclude Include="..\source\maxon\thread.h">
      <Filter>source\maxon</Filter>
    </ClInclude>
    <ClInclude Include="..\source\maxon\threadlocalpointer.h">
      <Filter>source\maxon</Filter>
    </ClInclude>
    <ClInclude Include="..\source\maxon\threadsaferef.h">
      <Filter>source\maxon</Filter>
    </ClInclude>
    <ClInclude Include="..\source\maxon\threadservices.h">
      <Filter>source\maxon</Filter>
    </ClInclude>
    <ClInclude Include="..\source\maxon\threadservicespods.h">
      <Filter>source\maxon</Filter>
    </ClInclude>
    <ClInclude Include="..\source\maxon\timer.h">
      <Filter>source\maxon</Filter>
    </ClInclude>
    <ClInclude Include="..\source\maxon\timevalue.h">
      <Filter>source\maxon</Filter>
    </ClInclude>
    <ClInclude Include="..\source\maxon\treemap.h">
      <Filter>source\maxon</Filter>
    </ClInclude>
    <ClInclude Include="..\source\maxon\tuple.h">
      <Filter>source\maxon</Filter>
    </ClInclude>
    <ClInclude Include="..\source\maxon\unicodeutils.h">
      <Filter>source\maxon</Filter>
    </ClInclude>
    <ClInclude Include="..\source\maxon\units.h">
      <Filter>source\maxon</Filter>
    </ClInclude>
    <ClInclude Include="..\source\maxon\url.h">
      <Filter>source\maxon</Filter>
    </ClInclude>
    <ClInclude Include="..\source\maxon\urlfile_cache.h">
      <Filter>source\maxon</Filter>
    </ClInclude>
    <ClInclude Include="..\source\maxon\utilities\apibaseid.h">
      <Filter>source\maxon\utilities</Filter>
    </ClInclude>
    <ClInclude Include="..\source\maxon\utilities\apibasemath.h">
      <Filter>source\maxon\utilities</Filter>
    </ClInclude>
    <ClInclude Include="..\source\maxon\utilities\basearray_helper.h">
      <Filter>source\maxon\utilities</Filter>
    </ClInclude>
    <ClInclude Include="..\source\maxon\utilities\classhelpers.h">
      <Filter>source\maxon\utilities</Filter>
    </ClInclude>
    <ClInclude Include="..\source\maxon\utilities\closurejob.h">
      <Filter>source\maxon\utilities</Filter>
    </ClInclude>
    <ClInclude Include="..\source\maxon\utilities\compare.h">
      <Filter>source\maxon\utilities</Filter>
    </ClInclude>
    <ClInclude Include="..\source\maxon\utilities\compilerdetection.h">
      <Filter>source\maxon\utilities</Filter>
    </ClInclude>
    <ClInclude Include="..\source\maxon\utilities\constexpr_lowercase.h">
      <Filter>source\maxon\utilities</Filter>
    </ClInclude>
    <ClInclude Include="..\source\maxon\utilities\debugdiagnostics.h">
      <Filter>source\maxon\utilities</Filter>
    </ClInclude>
    <ClInclude Include="..\source\maxon\utilities\defaultdoc.h">
      <Filter>source\maxon\utilities</Filter>
    </ClInclude>
    <ClInclude Include="..\source\maxon\utilities\detect_win_macros.h">
      <Filter>source\maxon\utilities</Filter>
    </ClInclude>
    <ClInclude Include="..\source\maxon\utilities\enumflags.h">
      <Filter>source\maxon\utilities</Filter>
    </ClInclude>
    <ClInclude Include="..\source\maxon\utilities\finally.h">
      <Filter>source\maxon\utilities</Filter>
    </ClInclude>
    <ClInclude Include="..\source\maxon\utilities\iostreams_helper.h">
      <Filter>source\maxon\utilities</Filter>
    </ClInclude>
    <ClInclude Include="..\source\maxon\utilities\java_helper.h">
      <Filter>source\maxon\utilities</Filter>
    </ClInclude>
    <ClInclude Include="..\source\maxon\utilities\locked_resource_map.h">
      <Filter>source\maxon\utilities</Filter>
    </ClInclude>
    <ClInclude Include="..\source\maxon\utilities\lruhashmap.h">
      <Filter>source\maxon\utilities</Filter>
    </ClInclude>
    <ClInclude Include="..\source\maxon\utilities\memoryallocationbase.h">
      <Filter>source\maxon\utilities</Filter>
    </ClInclude>
    <ClInclude Include="..\source\maxon\utilities\movecopywrapper.h">
      <Filter>source\maxon\utilities</Filter>
    </ClInclude>
    <ClInclude Include="..\source\maxon\utilities\newobj.h">
      <Filter>source\maxon\utilities</Filter>
    </ClInclude>
    <ClInclude Include="..\source\maxon\utilities\resultbase.h">
      <Filter>source\maxon\utilities</Filter>
    </ClInclude>
    <ClInclude Include="..\source\maxon\utilities\reuse_resource_cache.h">
      <Filter>source\maxon\utilities</Filter>
    </ClInclude>
    <ClInclude Include="..\source\maxon\utilities\ringbuffer.h">
      <Filter>source\maxon\utilities</Filter>
    </ClInclude>
    <ClInclude Include="..\source\maxon\utilities\sprintf_safe.h">
      <Filter>source\maxon\utilities</Filter>
    </ClInclude>
    <ClInclude Include="..\source\maxon\utilities\streamconversion_helper.h">
      <Filter>source\maxon\utilities</Filter>
    </ClInclude>
    <ClInclude Include="..\source\maxon\utilities\threaded_update_helper.h">
      <Filter>source\maxon\utilities</Filter>
    </ClInclude>
    <ClInclude Include="..\source\maxon\utilities\undef_win_macros.h">
      <Filter>source\maxon\utilities</Filter>
    </ClInclude>
    <ClInclude Include="..\source\maxon\uuid.h">
      <Filter>source\maxon</Filter>
    </ClInclude>
    <ClInclude Include="..\source\maxon\valuereceiver.h">
      <Filter>source\maxon</Filter>
    </ClInclude>
    <ClInclude Include="..\source\maxon\vector.h">
      <Filter>source\maxon</Filter>
    </ClInclude>
    <ClInclude Include="..\source\maxon\vector2d.h">
      <Filter>source\maxon</Filter>
    </ClInclude>
    <ClInclude Include="..\source\maxon\vector4d.h">
      <Filter>source\maxon</Filter>
    </ClInclude>
    <ClInclude Include="..\source\maxon\viewiterator.h">
      <Filter>source\maxon</Filter>
    </ClInclude>
    <ClInclude Include="..\source\maxon\weakref.h">
      <Filter>source\maxon</Filter>
    </ClInclude>
    <ClInclude Include="..\source\maxon\weakrefservices.h">
      <Filter>source\maxon</Filter>
    </ClInclude>
    <ClInclude Include="..\source\maxon\win_com.h">
      <Filter>source\maxon</Filter>
    </ClInclude>
    <ClInclude Include="..\source\maxon\win_include.h">
      <Filter>source\maxon</Filter>
    </ClInclude>
    <ClInclude Include="..\source\maxon\win_tools.h">
      <Filter>source\maxon</Filter>
    </ClInclude>
    <ClInclude Include="..\source\maxon\win_type_conversions.h">
      <Filter>source\maxon</Filter>
    </ClInclude>
  </ItemGroup>
</Project>
