<?xml version="1.0" encoding="utf-8"?>
<Project ToolsVersion="4.0" xmlns="http://schemas.microsoft.com/developer/msbuild/2003">
  <ItemGroup>
    <Filter Include="src">
      <UniqueIdentifier>{D59A64B7-2535-AD41-89A6-4580A2CF07C2}</UniqueIdentifier>
    </Filter>
    <Filter Include="src\clew">
      <UniqueIdentifier>{7420CDA3-7068-984A-8CD0-C3F9E2471DA2}</UniqueIdentifier>
    </Filter>
    <Filter Include="src\Bullet3OpenCL">
      <UniqueIdentifier>{3C1B9436-4F7A-6C4A-BD77-2CF3748F9C39}</UniqueIdentifier>
    </Filter>
    <Filter Include="src\Bullet3OpenCL\BroadphaseCollision">
      <UniqueIdentifier>{B3DC2E76-B34D-5C4B-922E-8447F2265F91}</UniqueIdentifier>
    </Filter>
    <Filter Include="src\Bullet3OpenCL\Initialize">
      <UniqueIdentifier>{41D1CE73-57C3-5B45-B819-B5D54C7902EA}</UniqueIdentifier>
    </Filter>
    <Filter Include="src\Bullet3OpenCL\NarrowphaseCollision">
      <UniqueIdentifier>{A480B98D-6DF8-9548-94A9-AAF4C7DA51DF}</UniqueIdentifier>
    </Filter>
    <Filter Include="src\Bullet3OpenCL\ParallelPrimitives">
      <UniqueIdentifier>{D2B2662C-17B7-8D45-9533-8F4DCDD1F234}</UniqueIdentifier>
    </Filter>
    <Filter Include="src\Bullet3OpenCL\Raycast">
      <UniqueIdentifier>{DD6D544F-0F8D-214C-B2BC-1E743F3A9D27}</UniqueIdentifier>
    </Filter>
    <Filter Include="src\Bullet3OpenCL\RigidBody">
      <UniqueIdentifier>{61C32054-8643-9B4C-AB7B-7619000E88E5}</UniqueIdentifier>
    </Filter>
    <Filter Include="src\Bullet3OpenCL\BroadphaseCollision\kernels">
      <UniqueIdentifier>{A79DE081-06F3-0D4A-B011-188133D20DDC}</UniqueIdentifier>
    </Filter>
    <Filter Include="src\Bullet3OpenCL\NarrowphaseCollision\kernels">
      <UniqueIdentifier>{459B69DD-F32B-6647-8BC4-07BDF32F537F}</UniqueIdentifier>
    </Filter>
    <Filter Include="src\Bullet3OpenCL\ParallelPrimitives\kernels">
      <UniqueIdentifier>{C806B5B9-EF52-DC44-92EA-29D117324840}</UniqueIdentifier>
    </Filter>
    <Filter Include="src\Bullet3OpenCL\Raycast\kernels">
      <UniqueIdentifier>{627597FA-4064-6641-91B0-5C84FBA32931}</UniqueIdentifier>
    </Filter>
    <Filter Include="src\Bullet3OpenCL\RigidBody\kernels">
      <UniqueIdentifier>{F544675B-F94F-4C4B-887E-07177182E9C8}</UniqueIdentifier>
    </Filter>
  </ItemGroup>
  <ItemGroup>
    <ClInclude Include="..\..\src\clew\clew.h">
      <Filter>src\clew</Filter>
    </ClInclude>
    <ClInclude Include="..\..\src\Bullet3OpenCL\BroadphaseCollision\b3GpuBroadphaseInterface.h">
      <Filter>src\Bullet3OpenCL\BroadphaseCollision</Filter>
    </ClInclude>
    <ClInclude Include="..\..\src\Bullet3OpenCL\BroadphaseCollision\b3GpuGridBroadphase.h">
      <Filter>src\Bullet3OpenCL\BroadphaseCollision</Filter>
    </ClInclude>
    <ClInclude Include="..\..\src\Bullet3OpenCL\BroadphaseCollision\b3GpuParallelLinearBvh.h">
      <Filter>src\Bullet3OpenCL\BroadphaseCollision</Filter>
    </ClInclude>
    <ClInclude Include="..\..\src\Bullet3OpenCL\BroadphaseCollision\b3GpuParallelLinearBvhBroadphase.h">
      <Filter>src\Bullet3OpenCL\BroadphaseCollision</Filter>
    </ClInclude>
    <ClInclude Include="..\..\src\Bullet3OpenCL\BroadphaseCollision\b3GpuSapBroadphase.h">
      <Filter>src\Bullet3OpenCL\BroadphaseCollision</Filter>
    </ClInclude>
    <ClInclude Include="..\..\src\Bullet3OpenCL\BroadphaseCollision\b3SapAabb.h">
      <Filter>src\Bullet3OpenCL\BroadphaseCollision</Filter>
    </ClInclude>
    <ClInclude Include="..\..\src\Bullet3OpenCL\BroadphaseCollision\kernels\gridBroadphaseKernels.h">
      <Filter>src\Bullet3OpenCL\BroadphaseCollision\kernels</Filter>
    </ClInclude>
    <ClInclude Include="..\..\src\Bullet3OpenCL\BroadphaseCollision\kernels\parallelLinearBvhKernels.h">
      <Filter>src\Bullet3OpenCL\BroadphaseCollision\kernels</Filter>
    </ClInclude>
    <ClInclude Include="..\..\src\Bullet3OpenCL\BroadphaseCollision\kernels\sapKernels.h">
      <Filter>src\Bullet3OpenCL\BroadphaseCollision\kernels</Filter>
    </ClInclude>
    <ClInclude Include="..\..\src\Bullet3OpenCL\Initialize\b3OpenCLInclude.h">
      <Filter>src\Bullet3OpenCL\Initialize</Filter>
    </ClInclude>
    <ClInclude Include="..\..\src\Bullet3OpenCL\Initialize\b3OpenCLUtils.h">
      <Filter>src\Bullet3OpenCL\Initialize</Filter>
    </ClInclude>
    <ClInclude Include="..\..\src\Bullet3OpenCL\NarrowphaseCollision\b3BvhInfo.h">
      <Filter>src\Bullet3OpenCL\NarrowphaseCollision</Filter>
    </ClInclude>
    <ClInclude Include="..\..\src\Bullet3OpenCL\NarrowphaseCollision\b3ContactCache.h">
      <Filter>src\Bullet3OpenCL\NarrowphaseCollision</Filter>
    </ClInclude>
    <ClInclude Include="..\..\src\Bullet3OpenCL\NarrowphaseCollision\b3ConvexHullContact.h">
      <Filter>src\Bullet3OpenCL\NarrowphaseCollision</Filter>
    </ClInclude>
    <ClInclude Include="..\..\src\Bullet3OpenCL\NarrowphaseCollision\b3ConvexPolyhedronCL.h">
      <Filter>src\Bullet3OpenCL\NarrowphaseCollision</Filter>
    </ClInclude>
    <ClInclude Include="..\..\src\Bullet3OpenCL\NarrowphaseCollision\b3GjkEpa.h">
      <Filter>src\Bullet3OpenCL\NarrowphaseCollision</Filter>
    </ClInclude>
    <ClInclude Include="..\..\src\Bullet3OpenCL\NarrowphaseCollision\b3OptimizedBvh.h">
      <Filter>src\Bullet3OpenCL\NarrowphaseCollision</Filter>
    </ClInclude>
    <ClInclude Include="..\..\src\Bullet3OpenCL\NarrowphaseCollision\b3QuantizedBvh.h">
      <Filter>src\Bullet3OpenCL\NarrowphaseCollision</Filter>
    </ClInclude>
    <ClInclude Include="..\..\src\Bullet3OpenCL\NarrowphaseCollision\b3StridingMeshInterface.h">
      <Filter>src\Bullet3OpenCL\NarrowphaseCollision</Filter>
    </ClInclude>
    <ClInclude Include="..\..\src\Bullet3OpenCL\NarrowphaseCollision\b3SupportMappings.h">
      <Filter>src\Bullet3OpenCL\NarrowphaseCollision</Filter>
    </ClInclude>
    <ClInclude Include="..\..\src\Bullet3OpenCL\NarrowphaseCollision\b3TriangleCallback.h">
      <Filter>src\Bullet3OpenCL\NarrowphaseCollision</Filter>
    </ClInclude>
    <ClInclude Include="..\..\src\Bullet3OpenCL\NarrowphaseCollision\b3TriangleIndexVertexArray.h">
      <Filter>src\Bullet3OpenCL\NarrowphaseCollision</Filter>
    </ClInclude>
    <ClInclude Include="..\..\src\Bullet3OpenCL\NarrowphaseCollision\b3VectorFloat4.h">
      <Filter>src\Bullet3OpenCL\NarrowphaseCollision</Filter>
    </ClInclude>
    <ClInclude Include="..\..\src\Bullet3OpenCL\NarrowphaseCollision\b3VoronoiSimplexSolver.h">
      <Filter>src\Bullet3OpenCL\NarrowphaseCollision</Filter>
    </ClInclude>
    <ClInclude Include="..\..\src\Bullet3OpenCL\NarrowphaseCollision\kernels\bvhTraversal.h">
      <Filter>src\Bullet3OpenCL\NarrowphaseCollision\kernels</Filter>
    </ClInclude>
    <ClInclude Include="..\..\src\Bullet3OpenCL\NarrowphaseCollision\kernels\mprKernels.h">
      <Filter>src\Bullet3OpenCL\NarrowphaseCollision\kernels</Filter>
    </ClInclude>
    <ClInclude Include="..\..\src\Bullet3OpenCL\NarrowphaseCollision\kernels\primitiveContacts.h">
      <Filter>src\Bullet3OpenCL\NarrowphaseCollision\kernels</Filter>
    </ClInclude>
    <ClInclude Include="..\..\src\Bullet3OpenCL\NarrowphaseCollision\kernels\satClipHullContacts.h">
      <Filter>src\Bullet3OpenCL\NarrowphaseCollision\kernels</Filter>
    </ClInclude>
    <ClInclude Include="..\..\src\Bullet3OpenCL\NarrowphaseCollision\kernels\satConcaveKernels.h">
      <Filter>src\Bullet3OpenCL\NarrowphaseCollision\kernels</Filter>
    </ClInclude>
    <ClInclude Include="..\..\src\Bullet3OpenCL\NarrowphaseCollision\kernels\satKernels.h">
      <Filter>src\Bullet3OpenCL\NarrowphaseCollision\kernels</Filter>
    </ClInclude>
    <ClInclude Include="..\..\src\Bullet3OpenCL\ParallelPrimitives\b3BoundSearchCL.h">
      <Filter>src\Bullet3OpenCL\ParallelPrimitives</Filter>
    </ClInclude>
    <ClInclude Include="..\..\src\Bullet3OpenCL\ParallelPrimitives\b3BufferInfoCL.h">
      <Filter>src\Bullet3OpenCL\ParallelPrimitives</Filter>
    </ClInclude>
    <ClInclude Include="..\..\src\Bullet3OpenCL\ParallelPrimitives\b3FillCL.h">
      <Filter>src\Bullet3OpenCL\ParallelPrimitives</Filter>
    </ClInclude>
    <ClInclude Include="..\..\src\Bullet3OpenCL\ParallelPrimitives\b3LauncherCL.h">
      <Filter>src\Bullet3OpenCL\ParallelPrimitives</Filter>
    </ClInclude>
    <ClInclude Include="..\..\src\Bullet3OpenCL\ParallelPrimitives\b3OpenCLArray.h">
      <Filter>src\Bullet3OpenCL\ParallelPrimitives</Filter>
    </ClInclude>
    <ClInclude Include="..\..\src\Bullet3OpenCL\ParallelPrimitives\b3PrefixScanCL.h">
      <Filter>src\Bullet3OpenCL\ParallelPrimitives</Filter>
    </ClInclude>
    <ClInclude Include="..\..\src\Bullet3OpenCL\ParallelPrimitives\b3PrefixScanFloat4CL.h">
      <Filter>src\Bullet3OpenCL\ParallelPrimitives</Filter>
    </ClInclude>
    <ClInclude Include="..\..\src\Bullet3OpenCL\ParallelPrimitives\b3RadixSort32CL.h">
      <Filter>src\Bullet3OpenCL\ParallelPrimitives</Filter>
    </ClInclude>
    <ClInclude Include="..\..\src\Bullet3OpenCL\ParallelPrimitives\kernels\BoundSearchKernelsCL.h">
      <Filter>src\Bullet3OpenCL\ParallelPrimitives\kernels</Filter>
    </ClInclude>
    <ClInclude Include="..\..\src\Bullet3OpenCL\ParallelPrimitives\kernels\CopyKernelsCL.h">
      <Filter>src\Bullet3OpenCL\ParallelPrimitives\kernels</Filter>
    </ClInclude>
    <ClInclude Include="..\..\src\Bullet3OpenCL\ParallelPrimitives\kernels\FillKernelsCL.h">
      <Filter>src\Bullet3OpenCL\ParallelPrimitives\kernels</Filter>
    </ClInclude>
    <ClInclude Include="..\..\src\Bullet3OpenCL\ParallelPrimitives\kernels\PrefixScanKernelsCL.h">
      <Filter>src\Bullet3OpenCL\ParallelPrimitives\kernels</Filter>
    </ClInclude>
    <ClInclude Include="..\..\src\Bullet3OpenCL\ParallelPrimitives\kernels\PrefixScanKernelsFloat4CL.h">
      <Filter>src\Bullet3OpenCL\ParallelPrimitives\kernels</Filter>
    </ClInclude>
    <ClInclude Include="..\..\src\Bullet3OpenCL\ParallelPrimitives\kernels\RadixSort32KernelsCL.h">
      <Filter>src\Bullet3OpenCL\ParallelPrimitives\kernels</Filter>
    </ClInclude>
    <ClInclude Include="..\..\src\Bullet3OpenCL\Raycast\b3GpuRaycast.h">
      <Filter>src\Bullet3OpenCL\Raycast</Filter>
    </ClInclude>
    <ClInclude Include="..\..\src\Bullet3OpenCL\Raycast\kernels\rayCastKernels.h">
      <Filter>src\Bullet3OpenCL\Raycast\kernels</Filter>
    </ClInclude>
    <ClInclude Include="..\..\src\Bullet3OpenCL\RigidBody\b3GpuConstraint4.h">
      <Filter>src\Bullet3OpenCL\RigidBody</Filter>
    </ClInclude>
    <ClInclude Include="..\..\src\Bullet3OpenCL\RigidBody\b3GpuGenericConstraint.h">
      <Filter>src\Bullet3OpenCL\RigidBody</Filter>
    </ClInclude>
    <ClInclude Include="..\..\src\Bullet3OpenCL\RigidBody\b3GpuJacobiContactSolver.h">
      <Filter>src\Bullet3OpenCL\RigidBody</Filter>
    </ClInclude>
    <ClInclude Include="..\..\src\Bullet3OpenCL\RigidBody\b3GpuNarrowPhase.h">
      <Filter>src\Bullet3OpenCL\RigidBody</Filter>
    </ClInclude>
    <ClInclude Include="..\..\src\Bullet3OpenCL\RigidBody\b3GpuNarrowPhaseInternalData.h">
      <Filter>src\Bullet3OpenCL\RigidBody</Filter>
    </ClInclude>
    <ClInclude Include="..\..\src\Bullet3OpenCL\RigidBody\b3GpuPgsConstraintSolver.h">
      <Filter>src\Bullet3OpenCL\RigidBody</Filter>
    </ClInclude>
    <ClInclude Include="..\..\src\Bullet3OpenCL\RigidBody\b3GpuPgsContactSolver.h">
      <Filter>src\Bullet3OpenCL\RigidBody</Filter>
    </ClInclude>
    <ClInclude Include="..\..\src\Bullet3OpenCL\RigidBody\b3GpuRigidBodyPipeline.h">
      <Filter>src\Bullet3OpenCL\RigidBody</Filter>
    </ClInclude>
    <ClInclude Include="..\..\src\Bullet3OpenCL\RigidBody\b3GpuRigidBodyPipelineInternalData.h">
      <Filter>src\Bullet3OpenCL\RigidBody</Filter>
    </ClInclude>
    <ClInclude Include="..\..\src\Bullet3OpenCL\RigidBody\b3GpuSolverBody.h">
      <Filter>src\Bullet3OpenCL\RigidBody</Filter>
    </ClInclude>
    <ClInclude Include="..\..\src\Bullet3OpenCL\RigidBody\b3GpuSolverConstraint.h">
      <Filter>src\Bullet3OpenCL\RigidBody</Filter>
    </ClInclude>
    <ClInclude Include="..\..\src\Bullet3OpenCL\RigidBody\b3Solver.h">
      <Filter>src\Bullet3OpenCL\RigidBody</Filter>
    </ClInclude>
    <ClInclude Include="..\..\src\Bullet3OpenCL\RigidBody\kernels\batchingKernels.h">
      <Filter>src\Bullet3OpenCL\RigidBody\kernels</Filter>
    </ClInclude>
    <ClInclude Include="..\..\src\Bullet3OpenCL\RigidBody\kernels\batchingKernelsNew.h">
      <Filter>src\Bullet3OpenCL\RigidBody\kernels</Filter>
    </ClInclude>
    <ClInclude Include="..\..\src\Bullet3OpenCL\RigidBody\kernels\integrateKernel.h">
      <Filter>src\Bullet3OpenCL\RigidBody\kernels</Filter>
    </ClInclude>
    <ClInclude Include="..\..\src\Bullet3OpenCL\RigidBody\kernels\jointSolver.h">
      <Filter>src\Bullet3OpenCL\RigidBody\kernels</Filter>
    </ClInclude>
    <ClInclude Include="..\..\src\Bullet3OpenCL\RigidBody\kernels\solveContact.h">
      <Filter>src\Bullet3OpenCL\RigidBody\kernels</Filter>
    </ClInclude>
    <ClInclude Include="..\..\src\Bullet3OpenCL\RigidBody\kernels\solveFriction.h">
      <Filter>src\Bullet3OpenCL\RigidBody\kernels</Filter>
    </ClInclude>
    <ClInclude Include="..\..\src\Bullet3OpenCL\RigidBody\kernels\solverSetup.h">
      <Filter>src\Bullet3OpenCL\RigidBody\kernels</Filter>
    </ClInclude>
    <ClInclude Include="..\..\src\Bullet3OpenCL\RigidBody\kernels\solverSetup2.h">
      <Filter>src\Bullet3OpenCL\RigidBody\kernels</Filter>
    </ClInclude>
    <ClInclude Include="..\..\src\Bullet3OpenCL\RigidBody\kernels\solverUtils.h">
      <Filter>src\Bullet3OpenCL\RigidBody\kernels</Filter>
    </ClInclude>
    <ClInclude Include="..\..\src\Bullet3OpenCL\RigidBody\kernels\updateAabbsKernel.h">
      <Filter>src\Bullet3OpenCL\RigidBody\kernels</Filter>
    </ClInclude>
  </ItemGroup>
  <ItemGroup>
    <ClCompile Include="..\..\src\clew\clew.c">
      <Filter>src\clew</Filter>
    </ClCompile>
    <ClCompile Include="..\..\src\Bullet3OpenCL\BroadphaseCollision\b3GpuGridBroadphase.cpp">
      <Filter>src\Bullet3OpenCL\BroadphaseCollision</Filter>
    </ClCompile>
    <ClCompile Include="..\..\src\Bullet3OpenCL\BroadphaseCollision\b3GpuParallelLinearBvh.cpp">
      <Filter>src\Bullet3OpenCL\BroadphaseCollision</Filter>
    </ClCompile>
    <ClCompile Include="..\..\src\Bullet3OpenCL\BroadphaseCollision\b3GpuParallelLinearBvhBroadphase.cpp">
      <Filter>src\Bullet3OpenCL\BroadphaseCollision</Filter>
    </ClCompile>
    <ClCompile Include="..\..\src\Bullet3OpenCL\BroadphaseCollision\b3GpuSapBroadphase.cpp">
      <Filter>src\Bullet3OpenCL\BroadphaseCollision</Filter>
    </ClCompile>
    <ClCompile Include="..\..\src\Bullet3OpenCL\Initialize\b3OpenCLUtils.cpp">
      <Filter>src\Bullet3OpenCL\Initialize</Filter>
    </ClCompile>
    <ClCompile Include="..\..\src\Bullet3OpenCL\NarrowphaseCollision\b3ContactCache.cpp">
      <Filter>src\Bullet3OpenCL\NarrowphaseCollision</Filter>
    </ClCompile>
    <ClCompile Include="..\..\src\Bullet3OpenCL\NarrowphaseCollision\b3ConvexHullContact.cpp">
      <Filter>src\Bullet3OpenCL\NarrowphaseCollision</Filter>
    </ClCompile>
    <ClCompile Include="..\..\src\Bullet3OpenCL\NarrowphaseCollision\b3GjkEpa.cpp">
      <Filter>src\Bullet3OpenCL\NarrowphaseCollision</Filter>
    </ClCompile>
    <ClCompile Include="..\..\src\Bullet3OpenCL\NarrowphaseCollision\b3OptimizedBvh.cpp">
      <Filter>src\Bullet3OpenCL\NarrowphaseCollision</Filter>
    </ClCompile>
    <ClCompile Include="..\..\src\Bullet3OpenCL\NarrowphaseCollision\b3QuantizedBvh.cpp">
      <Filter>src\Bullet3OpenCL\NarrowphaseCollision</Filter>
    </ClCompile>
    <ClCompile Include="..\..\src\Bullet3OpenCL\NarrowphaseCollision\b3StridingMeshInterface.cpp">
      <Filter>src\Bullet3OpenCL\NarrowphaseCollision</Filter>
    </ClCompile>
    <ClCompile Include="..\..\src\Bullet3OpenCL\NarrowphaseCollision\b3TriangleCallback.cpp">
      <Filter>src\Bullet3OpenCL\NarrowphaseCollision</Filter>
    </ClCompile>
    <ClCompile Include="..\..\src\Bullet3OpenCL\NarrowphaseCollision\b3TriangleIndexVertexArray.cpp">
      <Filter>src\Bullet3OpenCL\NarrowphaseCollision</Filter>
    </ClCompile>
    <ClCompile Include="..\..\src\Bullet3OpenCL\NarrowphaseCollision\b3VoronoiSimplexSolver.cpp">
      <Filter>src\Bullet3OpenCL\NarrowphaseCollision</Filter>
    </ClCompile>
    <ClCompile Include="..\..\src\Bullet3OpenCL\ParallelPrimitives\b3BoundSearchCL.cpp">
      <Filter>src\Bullet3OpenCL\ParallelPrimitives</Filter>
    </ClCompile>
    <ClCompile Include="..\..\src\Bullet3OpenCL\ParallelPrimitives\b3FillCL.cpp">
      <Filter>src\Bullet3OpenCL\ParallelPrimitives</Filter>
    </ClCompile>
    <ClCompile Include="..\..\src\Bullet3OpenCL\ParallelPrimitives\b3LauncherCL.cpp">
      <Filter>src\Bullet3OpenCL\ParallelPrimitives</Filter>
    </ClCompile>
    <ClCompile Include="..\..\src\Bullet3OpenCL\ParallelPrimitives\b3PrefixScanCL.cpp">
      <Filter>src\Bullet3OpenCL\ParallelPrimitives</Filter>
    </ClCompile>
    <ClCompile Include="..\..\src\Bullet3OpenCL\ParallelPrimitives\b3PrefixScanFloat4CL.cpp">
      <Filter>src\Bullet3OpenCL\ParallelPrimitives</Filter>
    </ClCompile>
    <ClCompile Include="..\..\src\Bullet3OpenCL\ParallelPrimitives\b3RadixSort32CL.cpp">
      <Filter>src\Bullet3OpenCL\ParallelPrimitives</Filter>
    </ClCompile>
    <ClCompile Include="..\..\src\Bullet3OpenCL\Raycast\b3GpuRaycast.cpp">
      <Filter>src\Bullet3OpenCL\Raycast</Filter>
    </ClCompile>
    <ClCompile Include="..\..\src\Bullet3OpenCL\RigidBody\b3GpuGenericConstraint.cpp">
      <Filter>src\Bullet3OpenCL\RigidBody</Filter>
    </ClCompile>
    <ClCompile Include="..\..\src\Bullet3OpenCL\RigidBody\b3GpuJacobiContactSolver.cpp">
      <Filter>src\Bullet3OpenCL\RigidBody</Filter>
    </ClCompile>
    <ClCompile Include="..\..\src\Bullet3OpenCL\RigidBody\b3GpuNarrowPhase.cpp">
      <Filter>src\Bullet3OpenCL\RigidBody</Filter>
    </ClCompile>
    <ClCompile Include="..\..\src\Bullet3OpenCL\RigidBody\b3GpuPgsConstraintSolver.cpp">
      <Filter>src\Bullet3OpenCL\RigidBody</Filter>
    </ClCompile>
    <ClCompile Include="..\..\src\Bullet3OpenCL\RigidBody\b3GpuPgsContactSolver.cpp">
      <Filter>src\Bullet3OpenCL\RigidBody</Filter>
    </ClCompile>
    <ClCompile Include="..\..\src\Bullet3OpenCL\RigidBody\b3GpuRigidBodyPipeline.cpp">
      <Filter>src\Bullet3OpenCL\RigidBody</Filter>
    </ClCompile>
    <ClCompile Include="..\..\src\Bullet3OpenCL\RigidBody\b3Solver.cpp">
      <Filter>src\Bullet3OpenCL\RigidBody</Filter>
    </ClCompile>
  </ItemGroup>
</Project>
