// !$*UTF8*$!
{
	archiveVersion = 1;
	classes = {
	};
	objectVersion = 48;
	objects = {

/* Begin PBXBuildFile section */
		A045BF0E5C0DC00058010000 /* MMD_VMD_animation.cpp in Sources */ = {isa = PBXBuildFile; fileRef = A045BF0E5C0DC00058000000 /* MMD_VMD_animation.cpp */; };
		A045BF0E5C2EFB3D0B010000 /* MMD_PMX_model.cpp in Sources */ = {isa = PBXBuildFile; fileRef = A045BF0E5C2EFB3D0B000000 /* MMD_PMX_model.cpp */; };
		A045BF0E5C3179CE04010000 /* ImagesGUI.cpp in Sources */ = {isa = PBXBuildFile; fileRef = A045BF0E5C3179CE04000000 /* ImagesGUI.cpp */; };
		A045BF0E5C3B84068A010000 /* NameConversion.cpp in Sources */ = {isa = PBXBuildFile; fileRef = A045BF0E5C3B84068A000000 /* NameConversion.cpp */; };
		A045BF0E5C4287392B010000 /* libimage.framework.a in Frameworks */ = {isa = PBXBuildFile; fileRef = A045BF0E5C4287392B000000 /* libimage.framework.a */; };
		A045BF0E5C44D1A1A5010000 /* ProcessProgressDialog.cpp in Sources */ = {isa = PBXBuildFile; fileRef = A045BF0E5C44D1A1A5000000 /* ProcessProgressDialog.cpp */; };
		A045BF0E5C4ADBC31B010000 /* libcommand.framework.a in Frameworks */ = {isa = PBXBuildFile; fileRef = A045BF0E5C4ADBC31B000000 /* libcommand.framework.a */; };
		A045BF0E5C6542540E010000 /* libmesh_misc.framework.a in Frameworks */ = {isa = PBXBuildFile; fileRef = A045BF0E5C6542540E000000 /* libmesh_misc.framework.a */; };
		A045BF0E5C7BB7F0FF010000 /* PluginRegister.cpp in Sources */ = {isa = PBXBuildFile; fileRef = A045BF0E5C7BB7F0FF000000 /* PluginRegister.cpp */; };
		A045BF0E5C8A3C2298010000 /* libmath.framework.a in Frameworks */ = {isa = PBXBuildFile; fileRef = A045BF0E5C8A3C2298000000 /* libmath.framework.a */; };
		A045BF0E5C933AE152010000 /* EncodingConversion.cpp in Sources */ = {isa = PBXBuildFile; fileRef = A045BF0E5C933AE152000000 /* EncodingConversion.cpp */; };
		A045BF0E5CBC4C136C010000 /* libpython.framework.a in Frameworks */ = {isa = PBXBuildFile; fileRef = A045BF0E5CBC4C136C000000 /* libpython.framework.a */; };
		A045BF0E5CD80552BB010000 /* interface_registration.cpp in Sources */ = {isa = PBXBuildFile; fileRef = A045BF0E5CD80552BB000000 /* interface_registration.cpp */; };
		A045BF0E5CD93CCD9F010000 /* register.cpp in Sources */ = {isa = PBXBuildFile; fileRef = A045BF0E5CD93CCD9F000000 /* register.cpp */; };
		A045BF0E5CE3FA683C010000 /* MMD_PMX_tag.cpp in Sources */ = {isa = PBXBuildFile; fileRef = A045BF0E5CE3FA683C000000 /* MMD_PMX_tag.cpp */; };
		A045BF0E5CE921D362010000 /* main.cpp in Sources */ = {isa = PBXBuildFile; fileRef = A045BF0E5CE921D362000000 /* main.cpp */; };
		A045BF0E5CEBA5917E010000 /* libcrypt.framework.a in Frameworks */ = {isa = PBXBuildFile; fileRef = A045BF0E5CEBA5917E000000 /* libcrypt.framework.a */; };
		A045BF0E5CF470FF41010000 /* libcinema.framework.a in Frameworks */ = {isa = PBXBuildFile; fileRef = A045BF0E5CF470FF41000000 /* libcinema.framework.a */; };
		A045BF0E5CF4AB3A6F010000 /* libcore.framework.a in Frameworks */ = {isa = PBXBuildFile; fileRef = A045BF0E5CF4AB3A6F000000 /* libcore.framework.a */; };
/* End PBXBuildFile section */

/* Begin PBXContainerItemProxy section */
		A045BF0E5C4287392B040000 /* PBXContainerItemProxy */ = {
			isa = PBXContainerItemProxy;
			containerPortal = A045BF0E5C4287392B020000 /* image.framework.xcodeproj */;
			proxyType = 2;
			remoteGlobalIDString = A08C5CDEA34287392B7B0000;
			remoteInfo = image.framework;
		};
		A045BF0E5C4287392B040100 /* PBXContainerItemProxy */ = {
			isa = PBXContainerItemProxy;
			containerPortal = A045BF0E5C4287392B020000 /* image.framework.xcodeproj */;
			proxyType = 2;
			remoteGlobalIDString = A08C5CDEA34287392B7B0100;
			remoteInfo = "image.framework static library";
		};
		A045BF0E5C4287392B050000 /* PBXContainerItemProxy */ = {
			isa = PBXContainerItemProxy;
			containerPortal = A045BF0E5C4287392B020000 /* image.framework.xcodeproj */;
			proxyType = 1;
			remoteGlobalIDString = A08C5CDEA34287392B000000;
			remoteInfo = image.framework;
		};
		A045BF0E5C4ADBC31B040000 /* PBXContainerItemProxy */ = {
			isa = PBXContainerItemProxy;
			containerPortal = A045BF0E5C4ADBC31B020000 /* command.framework.xcodeproj */;
			proxyType = 2;
			remoteGlobalIDString = A08C5CDEA34ADBC31B7B0000;
			remoteInfo = command.framework;
		};
		A045BF0E5C4ADBC31B040100 /* PBXContainerItemProxy */ = {
			isa = PBXContainerItemProxy;
			containerPortal = A045BF0E5C4ADBC31B020000 /* command.framework.xcodeproj */;
			proxyType = 2;
			remoteGlobalIDString = A08C5CDEA34ADBC31B7B0100;
			remoteInfo = "command.framework static library";
		};
		A045BF0E5C4ADBC31B050000 /* PBXContainerItemProxy */ = {
			isa = PBXContainerItemProxy;
			containerPortal = A045BF0E5C4ADBC31B020000 /* command.framework.xcodeproj */;
			proxyType = 1;
			remoteGlobalIDString = A08C5CDEA34ADBC31B000000;
			remoteInfo = command.framework;
		};
		A045BF0E5C6542540E040000 /* PBXContainerItemProxy */ = {
			isa = PBXContainerItemProxy;
			containerPortal = A045BF0E5C6542540E020000 /* mesh_misc.framework.xcodeproj */;
			proxyType = 2;
			remoteGlobalIDString = A08C5CDEA36542540E7B0000;
			remoteInfo = mesh_misc.framework;
		};
		A045BF0E5C6542540E040100 /* PBXContainerItemProxy */ = {
			isa = PBXContainerItemProxy;
			containerPortal = A045BF0E5C6542540E020000 /* mesh_misc.framework.xcodeproj */;
			proxyType = 2;
			remoteGlobalIDString = A08C5CDEA36542540E7B0100;
			remoteInfo = "mesh_misc.framework static library";
		};
		A045BF0E5C6542540E050000 /* PBXContainerItemProxy */ = {
			isa = PBXContainerItemProxy;
			containerPortal = A045BF0E5C6542540E020000 /* mesh_misc.framework.xcodeproj */;
			proxyType = 1;
			remoteGlobalIDString = A08C5CDEA36542540E000000;
			remoteInfo = mesh_misc.framework;
		};
		A045BF0E5C8A3C2298040000 /* PBXContainerItemProxy */ = {
			isa = PBXContainerItemProxy;
			containerPortal = A045BF0E5C8A3C2298020000 /* math.framework.xcodeproj */;
			proxyType = 2;
			remoteGlobalIDString = A08C5CDEA38A3C22987B0000;
			remoteInfo = math.framework;
		};
		A045BF0E5C8A3C2298040100 /* PBXContainerItemProxy */ = {
			isa = PBXContainerItemProxy;
			containerPortal = A045BF0E5C8A3C2298020000 /* math.framework.xcodeproj */;
			proxyType = 2;
			remoteGlobalIDString = A08C5CDEA38A3C22987B0100;
			remoteInfo = "math.framework static library";
		};
		A045BF0E5C8A3C2298050000 /* PBXContainerItemProxy */ = {
			isa = PBXContainerItemProxy;
			containerPortal = A045BF0E5C8A3C2298020000 /* math.framework.xcodeproj */;
			proxyType = 1;
			remoteGlobalIDString = A08C5CDEA38A3C2298000000;
			remoteInfo = math.framework;
		};
		A045BF0E5CBC4C136C040000 /* PBXContainerItemProxy */ = {
			isa = PBXContainerItemProxy;
			containerPortal = A045BF0E5CBC4C136C020000 /* python.framework.xcodeproj */;
			proxyType = 2;
			remoteGlobalIDString = A08C5CDEA3BC4C136C7B0000;
			remoteInfo = python.framework;
		};
		A045BF0E5CBC4C136C040100 /* PBXContainerItemProxy */ = {
			isa = PBXContainerItemProxy;
			containerPortal = A045BF0E5CBC4C136C020000 /* python.framework.xcodeproj */;
			proxyType = 2;
			remoteGlobalIDString = A08C5CDEA3BC4C136C7B0100;
			remoteInfo = "python.framework static library";
		};
		A045BF0E5CBC4C136C050000 /* PBXContainerItemProxy */ = {
			isa = PBXContainerItemProxy;
			containerPortal = A045BF0E5CBC4C136C020000 /* python.framework.xcodeproj */;
			proxyType = 1;
			remoteGlobalIDString = A08C5CDEA3BC4C136C000000;
			remoteInfo = python.framework;
		};
		A045BF0E5CEBA5917E040000 /* PBXContainerItemProxy */ = {
			isa = PBXContainerItemProxy;
			containerPortal = A045BF0E5CEBA5917E020000 /* crypt.framework.xcodeproj */;
			proxyType = 2;
			remoteGlobalIDString = A08C5CDEA3EBA5917E7B0000;
			remoteInfo = crypt.framework;
		};
		A045BF0E5CEBA5917E040100 /* PBXContainerItemProxy */ = {
			isa = PBXContainerItemProxy;
			containerPortal = A045BF0E5CEBA5917E020000 /* crypt.framework.xcodeproj */;
			proxyType = 2;
			remoteGlobalIDString = A08C5CDEA3EBA5917E7B0100;
			remoteInfo = "crypt.framework static library";
		};
		A045BF0E5CEBA5917E050000 /* PBXContainerItemProxy */ = {
			isa = PBXContainerItemProxy;
			containerPortal = A045BF0E5CEBA5917E020000 /* crypt.framework.xcodeproj */;
			proxyType = 1;
			remoteGlobalIDString = A08C5CDEA3EBA5917E000000;
			remoteInfo = crypt.framework;
		};
		A045BF0E5CF470FF41040000 /* PBXContainerItemProxy */ = {
			isa = PBXContainerItemProxy;
			containerPortal = A045BF0E5CF470FF41020000 /* cinema.framework.xcodeproj */;
			proxyType = 2;
			remoteGlobalIDString = A08C5CDEA3F470FF417B0000;
			remoteInfo = cinema.framework;
		};
		A045BF0E5CF470FF41040100 /* PBXContainerItemProxy */ = {
			isa = PBXContainerItemProxy;
			containerPortal = A045BF0E5CF470FF41020000 /* cinema.framework.xcodeproj */;
			proxyType = 2;
			remoteGlobalIDString = A08C5CDEA3F470FF417B0100;
			remoteInfo = "cinema.framework static library";
		};
		A045BF0E5CF470FF41050000 /* PBXContainerItemProxy */ = {
			isa = PBXContainerItemProxy;
			containerPortal = A045BF0E5CF470FF41020000 /* cinema.framework.xcodeproj */;
			proxyType = 1;
			remoteGlobalIDString = A08C5CDEA3F470FF41000000;
			remoteInfo = cinema.framework;
		};
		A045BF0E5CF4AB3A6F040000 /* PBXContainerItemProxy */ = {
			isa = PBXContainerItemProxy;
			containerPortal = A045BF0E5CF4AB3A6F020000 /* core.framework.xcodeproj */;
			proxyType = 2;
			remoteGlobalIDString = A08C5CDEA3F4AB3A6F7B0000;
			remoteInfo = core.framework;
		};
		A045BF0E5CF4AB3A6F040100 /* PBXContainerItemProxy */ = {
			isa = PBXContainerItemProxy;
			containerPortal = A045BF0E5CF4AB3A6F020000 /* core.framework.xcodeproj */;
			proxyType = 2;
			remoteGlobalIDString = A08C5CDEA3F4AB3A6F7B0100;
			remoteInfo = "core.framework static library";
		};
		A045BF0E5CF4AB3A6F050000 /* PBXContainerItemProxy */ = {
			isa = PBXContainerItemProxy;
			containerPortal = A045BF0E5CF4AB3A6F020000 /* core.framework.xcodeproj */;
			proxyType = 1;
			remoteGlobalIDString = A08C5CDEA3F4AB3A6F000000;
			remoteInfo = core.framework;
		};
/* End PBXContainerItemProxy section */

/* Begin PBXFileReference section */
		A045BF0E5C00000000000000 /* debugbase.xcconfig */ = {isa = PBXFileReference; fileEncoding = 4; lastKnownFileType = text.xcconfig; name = debugbase.xcconfig; path = ../../../frameworks/settings/debugbase.xcconfig; sourceTree = SOURCE_ROOT; };
		A045BF0E5C00000000050000 /* releasebase.xcconfig */ = {isa = PBXFileReference; fileEncoding = 4; lastKnownFileType = text.xcconfig; name = releasebase.xcconfig; path = ../../../frameworks/settings/releasebase.xcconfig; sourceTree = SOURCE_ROOT; };
		A045BF0E5C096C1C04000000 /* iterator.h */ = {isa = PBXFileReference; fileEncoding = 4; lastKnownFileType = sourcecode.c.h; name = iterator.h; path = "../include/yaml-cpp/node/detail/iterator.h"; sourceTree = SOURCE_ROOT; };
		A045BF0E5C0DC00058000000 /* MMD_VMD_animation.cpp */ = {isa = PBXFileReference; fileEncoding = 4; lastKnownFileType = sourcecode.cpp.cpp; name = MMD_VMD_animation.cpp; path = ../source/MMD_VMD_animation.cpp; sourceTree = SOURCE_ROOT; };
		A045BF0E5C10398ED7000000 /* memory.h */ = {isa = PBXFileReference; fileEncoding = 4; lastKnownFileType = sourcecode.c.h; name = memory.h; path = "../include/yaml-cpp/node/detail/memory.h"; sourceTree = SOURCE_ROOT; };
		A045BF0E5C12FC38EA000000 /* ProcessProgressDialog.h */ = {isa = PBXFileReference; fileEncoding = 4; lastKnownFileType = sourcecode.c.h; name = ProcessProgressDialog.h; path = ../source/ProcessProgressDialog.h; sourceTree = SOURCE_ROOT; };
		A045BF0E5C1837B5E7000000 /* main.h */ = {isa = PBXFileReference; fileEncoding = 4; lastKnownFileType = sourcecode.c.h; name = main.h; path = ../source/main.h; sourceTree = SOURCE_ROOT; };
		A045BF0E5C1D3CB2F2000000 /* mark.h */ = {isa = PBXFileReference; fileEncoding = 4; lastKnownFileType = sourcecode.c.h; name = mark.h; path = "../include/yaml-cpp/mark.h"; sourceTree = SOURCE_ROOT; };
		A045BF0E5C1F85E51E000000 /* MMD_struct.h */ = {isa = PBXFileReference; fileEncoding = 4; lastKnownFileType = sourcecode.c.h; name = MMD_struct.h; path = ../source/MMD_struct.h; sourceTree = SOURCE_ROOT; };
		A045BF0E5C1F939706000000 /* ptr.h */ = {isa = PBXFileReference; fileEncoding = 4; lastKnownFileType = sourcecode.c.h; name = ptr.h; path = "../include/yaml-cpp/node/ptr.h"; sourceTree = SOURCE_ROOT; };
		A045BF0E5C2008AB2C000000 /* null.h */ = {isa = PBXFileReference; fileEncoding = 4; lastKnownFileType = sourcecode.c.h; name = null.h; path = "../include/yaml-cpp/null.h"; sourceTree = SOURCE_ROOT; };
		A045BF0E5C2453BF06000000 /* anchordict.h */ = {isa = PBXFileReference; fileEncoding = 4; lastKnownFileType = sourcecode.c.h; name = anchordict.h; path = "../include/yaml-cpp/contrib/anchordict.h"; sourceTree = SOURCE_ROOT; };
		A045BF0E5C2C1B7FD7000000 /* EncodingConversion.h */ = {isa = PBXFileReference; fileEncoding = 4; lastKnownFileType = sourcecode.c.h; name = EncodingConversion.h; path = ../source/EncodingConversion.h; sourceTree = SOURCE_ROOT; };
		A045BF0E5C2EFB3D0B000000 /* MMD_PMX_model.cpp */ = {isa = PBXFileReference; fileEncoding = 4; lastKnownFileType = sourcecode.cpp.cpp; name = MMD_PMX_model.cpp; path = ../source/MMD_PMX_model.cpp; sourceTree = SOURCE_ROOT; };
		A045BF0E5C3179CE04000000 /* ImagesGUI.cpp */ = {isa = PBXFileReference; fileEncoding = 4; lastKnownFileType = sourcecode.cpp.cpp; name = ImagesGUI.cpp; path = ../source/ImagesGUI.cpp; sourceTree = SOURCE_ROOT; };
		A045BF0E5C31B4984C000000 /* yaml.h */ = {isa = PBXFileReference; fileEncoding = 4; lastKnownFileType = sourcecode.c.h; name = yaml.h; path = "../include/yaml-cpp/yaml.h"; sourceTree = SOURCE_ROOT; };
		A045BF0E5C3203E313000000 /* dll.h */ = {isa = PBXFileReference; fileEncoding = 4; lastKnownFileType = sourcecode.c.h; name = dll.h; path = "../include/yaml-cpp/dll.h"; sourceTree = SOURCE_ROOT; };
		A045BF0E5C3B84068A000000 /* NameConversion.cpp */ = {isa = PBXFileReference; fileEncoding = 4; lastKnownFileType = sourcecode.cpp.cpp; name = NameConversion.cpp; path = ../source/NameConversion.cpp; sourceTree = SOURCE_ROOT; };
		A045BF0E5C3D48A85D000000 /* MMD_VMD_animation.h */ = {isa = PBXFileReference; fileEncoding = 4; lastKnownFileType = sourcecode.c.h; name = MMD_VMD_animation.h; path = ../source/MMD_VMD_animation.h; sourceTree = SOURCE_ROOT; };
		A045BF0E5C3E8CE80D000000 /* bool_type.h */ = {isa = PBXFileReference; fileEncoding = 4; lastKnownFileType = sourcecode.c.h; name = bool_type.h; path = "../include/yaml-cpp/node/detail/bool_type.h"; sourceTree = SOURCE_ROOT; };
		A045BF0E5C4287392B020000 /* image.framework.xcodeproj */ = {isa = PBXFileReference; lastKnownFileType = "wrapper.pb-project"; name = image.framework.xcodeproj; path = ../../../frameworks/image.framework/project/image.framework.xcodeproj; sourceTree = SOURCE_ROOT; };
		A045BF0E5C448F46FA000000 /* c4d_symbols.h */ = {isa = PBXFileReference; fileEncoding = 4; lastKnownFileType = sourcecode.c.h; name = c4d_symbols.h; path = ../res/c4d_symbols.h; sourceTree = SOURCE_ROOT; };
		A045BF0E5C44D1A1A5000000 /* ProcessProgressDialog.cpp */ = {isa = PBXFileReference; fileEncoding = 4; lastKnownFileType = sourcecode.cpp.cpp; name = ProcessProgressDialog.cpp; path = ../source/ProcessProgressDialog.cpp; sourceTree = SOURCE_ROOT; };
		A045BF0E5C4529FF3C000000 /* emitterdef.h */ = {isa = PBXFileReference; fileEncoding = 4; lastKnownFileType = sourcecode.c.h; name = emitterdef.h; path = "../include/yaml-cpp/emitterdef.h"; sourceTree = SOURCE_ROOT; };
		A045BF0E5C4ADBC31B020000 /* command.framework.xcodeproj */ = {isa = PBXFileReference; lastKnownFileType = "wrapper.pb-project"; name = command.framework.xcodeproj; path = ../../../frameworks/command.framework/project/command.framework.xcodeproj; sourceTree = SOURCE_ROOT; };
		A045BF0E5C4FB017D5000000 /* eventhandler.h */ = {isa = PBXFileReference; fileEncoding = 4; lastKnownFileType = sourcecode.c.h; name = eventhandler.h; path = "../include/yaml-cpp/eventhandler.h"; sourceTree = SOURCE_ROOT; };
		A045BF0E5C51EF56F8000000 /* iterator_fwd.h */ = {isa = PBXFileReference; fileEncoding = 4; lastKnownFileType = sourcecode.c.h; name = iterator_fwd.h; path = "../include/yaml-cpp/node/detail/iterator_fwd.h"; sourceTree = SOURCE_ROOT; };
		A045BF0E5C5603B941000000 /* MMD_PMX_tag.h */ = {isa = PBXFileReference; fileEncoding = 4; lastKnownFileType = sourcecode.c.h; name = MMD_PMX_tag.h; path = ../source/MMD_PMX_tag.h; sourceTree = SOURCE_ROOT; };
		A045BF0E5C6542540E020000 /* mesh_misc.framework.xcodeproj */ = {isa = PBXFileReference; lastKnownFileType = "wrapper.pb-project"; name = mesh_misc.framework.xcodeproj; path = ../../../frameworks/mesh_misc.framework/project/mesh_misc.framework.xcodeproj; sourceTree = SOURCE_ROOT; };
		A045BF0E5C68BD320B000000 /* parse.h */ = {isa = PBXFileReference; fileEncoding = 4; lastKnownFileType = sourcecode.c.h; name = parse.h; path = "../include/yaml-cpp/node/parse.h"; sourceTree = SOURCE_ROOT; };
		A045BF0E5C6DAB1C0A000000 /* iterator.h */ = {isa = PBXFileReference; fileEncoding = 4; lastKnownFileType = sourcecode.c.h; name = iterator.h; path = "../include/yaml-cpp/node/iterator.h"; sourceTree = SOURCE_ROOT; };
		A045BF0E5C72BB660D000000 /* VMD_Cam_Obj.h */ = {isa = PBXFileReference; fileEncoding = 4; lastKnownFileType = sourcecode.c.h; name = VMD_Cam_Obj.h; path = ../res/description/VMD_Cam_Obj.h; sourceTree = SOURCE_ROOT; };
		A045BF0E5C7859661A000000 /* anchor.h */ = {isa = PBXFileReference; fileEncoding = 4; lastKnownFileType = sourcecode.c.h; name = anchor.h; path = "../include/yaml-cpp/anchor.h"; sourceTree = SOURCE_ROOT; };
		A045BF0E5C787784F8000000 /* emittermanip.h */ = {isa = PBXFileReference; fileEncoding = 4; lastKnownFileType = sourcecode.c.h; name = emittermanip.h; path = "../include/yaml-cpp/emittermanip.h"; sourceTree = SOURCE_ROOT; };
		A045BF0E5C7BB7F0FF000000 /* PluginRegister.cpp */ = {isa = PBXFileReference; fileEncoding = 4; lastKnownFileType = sourcecode.cpp.cpp; name = PluginRegister.cpp; path = ../source/PluginRegister.cpp; sourceTree = SOURCE_ROOT; };
		A045BF0E5C86B4658B000000 /* convert.h */ = {isa = PBXFileReference; fileEncoding = 4; lastKnownFileType = sourcecode.c.h; name = convert.h; path = "../include/yaml-cpp/node/convert.h"; sourceTree = SOURCE_ROOT; };
		A045BF0E5C898175D0000000 /* MMD_PMX_model.h */ = {isa = PBXFileReference; fileEncoding = 4; lastKnownFileType = sourcecode.c.h; name = MMD_PMX_model.h; path = ../source/MMD_PMX_model.h; sourceTree = SOURCE_ROOT; };
		A045BF0E5C8A3C2298020000 /* math.framework.xcodeproj */ = {isa = PBXFileReference; lastKnownFileType = "wrapper.pb-project"; name = math.framework.xcodeproj; path = ../../../frameworks/math.framework/project/math.framework.xcodeproj; sourceTree = SOURCE_ROOT; };
		A045BF0E5C933AE152000000 /* EncodingConversion.cpp */ = {isa = PBXFileReference; fileEncoding = 4; lastKnownFileType = sourcecode.cpp.cpp; name = EncodingConversion.cpp; path = ../source/EncodingConversion.cpp; sourceTree = SOURCE_ROOT; };
		A045BF0E5CAC7EF829000000 /* exceptions.h */ = {isa = PBXFileReference; fileEncoding = 4; lastKnownFileType = sourcecode.c.h; name = exceptions.h; path = "../include/yaml-cpp/exceptions.h"; sourceTree = SOURCE_ROOT; };
		A045BF0E5CBC4C136C020000 /* python.framework.xcodeproj */ = {isa = PBXFileReference; lastKnownFileType = "wrapper.pb-project"; name = python.framework.xcodeproj; path = ../../../frameworks/python.framework/project/python.framework.xcodeproj; sourceTree = SOURCE_ROOT; };
		A045BF0E5CBD6EBF36000000 /* impl.h */ = {isa = PBXFileReference; fileEncoding = 4; lastKnownFileType = sourcecode.c.h; name = impl.h; path = "../include/yaml-cpp/node/detail/impl.h"; sourceTree = SOURCE_ROOT; };
		A045BF0E5CBF9AD97B000000 /* emitfromevents.h */ = {isa = PBXFileReference; fileEncoding = 4; lastKnownFileType = sourcecode.c.h; name = emitfromevents.h; path = "../include/yaml-cpp/emitfromevents.h"; sourceTree = SOURCE_ROOT; };
		A045BF0E5CBFB43F2F000000 /* emit.h */ = {isa = PBXFileReference; fileEncoding = 4; lastKnownFileType = sourcecode.c.h; name = emit.h; path = "../include/yaml-cpp/node/emit.h"; sourceTree = SOURCE_ROOT; };
		A045BF0E5CC241B7F2000000 /* ostream_wrapper.h */ = {isa = PBXFileReference; fileEncoding = 4; lastKnownFileType = sourcecode.c.h; name = ostream_wrapper.h; path = "../include/yaml-cpp/ostream_wrapper.h"; sourceTree = SOURCE_ROOT; };
		A045BF0E5CC60D9A98000000 /* node.h */ = {isa = PBXFileReference; fileEncoding = 4; lastKnownFileType = sourcecode.c.h; name = node.h; path = "../include/yaml-cpp/node/detail/node.h"; sourceTree = SOURCE_ROOT; };
		A045BF0E5CC68AB23C000000 /* impl.h */ = {isa = PBXFileReference; fileEncoding = 4; lastKnownFileType = sourcecode.c.h; name = impl.h; path = "../include/yaml-cpp/node/impl.h"; sourceTree = SOURCE_ROOT; };
		A045BF0E5CCBC6BDA9000000 /* node_iterator.h */ = {isa = PBXFileReference; fileEncoding = 4; lastKnownFileType = sourcecode.c.h; name = node_iterator.h; path = "../include/yaml-cpp/node/detail/node_iterator.h"; sourceTree = SOURCE_ROOT; };
		A045BF0E5CCE24FC9D000000 /* emitter.h */ = {isa = PBXFileReference; fileEncoding = 4; lastKnownFileType = sourcecode.c.h; name = emitter.h; path = "../include/yaml-cpp/emitter.h"; sourceTree = SOURCE_ROOT; };
		A045BF0E5CCE685E6C000000 /* node_ref.h */ = {isa = PBXFileReference; fileEncoding = 4; lastKnownFileType = sourcecode.c.h; name = node_ref.h; path = "../include/yaml-cpp/node/detail/node_ref.h"; sourceTree = SOURCE_ROOT; };
		A045BF0E5CCF298D9E000000 /* node.h */ = {isa = PBXFileReference; fileEncoding = 4; lastKnownFileType = sourcecode.c.h; name = node.h; path = "../include/yaml-cpp/node/node.h"; sourceTree = SOURCE_ROOT; };
		A045BF0E5CD6E532A8000000 /* emitterstyle.h */ = {isa = PBXFileReference; fileEncoding = 4; lastKnownFileType = sourcecode.c.h; name = emitterstyle.h; path = "../include/yaml-cpp/emitterstyle.h"; sourceTree = SOURCE_ROOT; };
		A045BF0E5CD80552BB000000 /* interface_registration.cpp */ = {isa = PBXFileReference; fileEncoding = 4; lastKnownFileType = sourcecode.cpp.cpp; name = interface_registration.cpp; path = ../generated/hxx/interface_registration.cpp; sourceTree = SOURCE_ROOT; };
		A045BF0E5CD93CCD9F000000 /* register.cpp */ = {isa = PBXFileReference; fileEncoding = 4; lastKnownFileType = sourcecode.cpp.cpp; name = register.cpp; path = ../generated/hxx/register.cpp; sourceTree = SOURCE_ROOT; };
		A045BF0E5CD9F900D6000000 /* type.h */ = {isa = PBXFileReference; fileEncoding = 4; lastKnownFileType = sourcecode.c.h; name = type.h; path = "../include/yaml-cpp/node/type.h"; sourceTree = SOURCE_ROOT; };
		A045BF0E5CE05C930F000000 /* NameConversion.h */ = {isa = PBXFileReference; fileEncoding = 4; lastKnownFileType = sourcecode.c.h; name = NameConversion.h; path = ../source/NameConversion.h; sourceTree = SOURCE_ROOT; };
		A045BF0E5CE3FA683C000000 /* MMD_PMX_tag.cpp */ = {isa = PBXFileReference; fileEncoding = 4; lastKnownFileType = sourcecode.cpp.cpp; name = MMD_PMX_tag.cpp; path = ../source/MMD_PMX_tag.cpp; sourceTree = SOURCE_ROOT; };
		A045BF0E5CE5C793BF000000 /* PMX_Bone_Tag.h */ = {isa = PBXFileReference; fileEncoding = 4; lastKnownFileType = sourcecode.c.h; name = PMX_Bone_Tag.h; path = ../res/description/PMX_Bone_Tag.h; sourceTree = SOURCE_ROOT; };
		A045BF0E5CE68E4E65000000 /* node_data.h */ = {isa = PBXFileReference; fileEncoding = 4; lastKnownFileType = sourcecode.c.h; name = node_data.h; path = "../include/yaml-cpp/node/detail/node_data.h"; sourceTree = SOURCE_ROOT; };
		A045BF0E5CE921D362000000 /* main.cpp */ = {isa = PBXFileReference; fileEncoding = 4; lastKnownFileType = sourcecode.cpp.cpp; name = main.cpp; path = ../source/main.cpp; sourceTree = SOURCE_ROOT; };
		A045BF0E5CEA1F8C66000000 /* binary.h */ = {isa = PBXFileReference; fileEncoding = 4; lastKnownFileType = sourcecode.c.h; name = binary.h; path = "../include/yaml-cpp/binary.h"; sourceTree = SOURCE_ROOT; };
		A045BF0E5CEBA5917E020000 /* crypt.framework.xcodeproj */ = {isa = PBXFileReference; lastKnownFileType = "wrapper.pb-project"; name = crypt.framework.xcodeproj; path = ../../../frameworks/crypt.framework/project/crypt.framework.xcodeproj; sourceTree = SOURCE_ROOT; };
		A045BF0E5CF0B7C948000000 /* stlemitter.h */ = {isa = PBXFileReference; fileEncoding = 4; lastKnownFileType = sourcecode.c.h; name = stlemitter.h; path = "../include/yaml-cpp/stlemitter.h"; sourceTree = SOURCE_ROOT; };
		A045BF0E5CF470FF41020000 /* cinema.framework.xcodeproj */ = {isa = PBXFileReference; lastKnownFileType = "wrapper.pb-project"; name = cinema.framework.xcodeproj; path = ../../../frameworks/cinema.framework/project/cinema.framework.xcodeproj; sourceTree = SOURCE_ROOT; };
		A045BF0E5CF4AB3A6F020000 /* core.framework.xcodeproj */ = {isa = PBXFileReference; lastKnownFileType = "wrapper.pb-project"; name = core.framework.xcodeproj; path = ../../../frameworks/core.framework/project/core.framework.xcodeproj; sourceTree = SOURCE_ROOT; };
		A045BF0E5CF631F109000000 /* ImagesGUI.h */ = {isa = PBXFileReference; fileEncoding = 4; lastKnownFileType = sourcecode.c.h; name = ImagesGUI.h; path = ../source/ImagesGUI.h; sourceTree = SOURCE_ROOT; };
		A045BF0E5CF9092D04000000 /* parser.h */ = {isa = PBXFileReference; fileEncoding = 4; lastKnownFileType = sourcecode.c.h; name = parser.h; path = "../include/yaml-cpp/parser.h"; sourceTree = SOURCE_ROOT; };
		A045BF0E5CFB374D58000000 /* PMX_Model_Tag.h */ = {isa = PBXFileReference; fileEncoding = 4; lastKnownFileType = sourcecode.c.h; name = PMX_Model_Tag.h; path = ../res/description/PMX_Model_Tag.h; sourceTree = SOURCE_ROOT; };
		A045BF0E5CFD9F78E8000000 /* graphbuilder.h */ = {isa = PBXFileReference; fileEncoding = 4; lastKnownFileType = sourcecode.c.h; name = graphbuilder.h; path = "../include/yaml-cpp/contrib/graphbuilder.h"; sourceTree = SOURCE_ROOT; };
		A045BF0E5CFE4F578A000000 /* traits.h */ = {isa = PBXFileReference; fileEncoding = 4; lastKnownFileType = sourcecode.c.h; name = traits.h; path = "../include/yaml-cpp/traits.h"; sourceTree = SOURCE_ROOT; };
		A08C5CDEA345BF0E5C7B0000 /* mmdtool.xlib */ = {isa = PBXFileReference; explicitFileType = "compiled.mach-o.dylib"; includeInIndex = 0; path = mmdtool.xlib; sourceTree = BUILT_PRODUCTS_DIR; };
		A08C5CDEA345BF0E5C7B0100 /* libmmdtool_static.a */ = {isa = PBXFileReference; explicitFileType = archive.ar; includeInIndex = 0; path = libmmdtool_static.a; sourceTree = BUILT_PRODUCTS_DIR; };
/* End PBXFileReference section */

/* Begin PBXFrameworksBuildPhase section */
		A045BF0E5C000000000F0000 /* Frameworks */ = {
			isa = PBXFrameworksBuildPhase;
			buildActionMask = 2147483647;
			files = (
				A045BF0E5C4287392B010000 /* libimage.framework.a in Frameworks */,
				A045BF0E5C4ADBC31B010000 /* libcommand.framework.a in Frameworks */,
				A045BF0E5C6542540E010000 /* libmesh_misc.framework.a in Frameworks */,
				A045BF0E5C8A3C2298010000 /* libmath.framework.a in Frameworks */,
				A045BF0E5CBC4C136C010000 /* libpython.framework.a in Frameworks */,
				A045BF0E5CEBA5917E010000 /* libcrypt.framework.a in Frameworks */,
				A045BF0E5CF470FF41010000 /* libcinema.framework.a in Frameworks */,
				A045BF0E5CF4AB3A6F010000 /* libcore.framework.a in Frameworks */,
			);
			runOnlyForDeploymentPostprocessing = 0;
		};
/* End PBXFrameworksBuildPhase section */

/* Begin PBXGroup section */
		A045BF0E5C00000000140000 /* libs */ = {
			isa = PBXGroup;
			children = (
				A045BF0E5CF470FF41020000 /* cinema.framework.xcodeproj */,
				A045BF0E5C4ADBC31B020000 /* command.framework.xcodeproj */,
				A045BF0E5CF4AB3A6F020000 /* core.framework.xcodeproj */,
				A045BF0E5CEBA5917E020000 /* crypt.framework.xcodeproj */,
				A045BF0E5C4287392B020000 /* image.framework.xcodeproj */,
				A045BF0E5C8A3C2298020000 /* math.framework.xcodeproj */,
				A045BF0E5C6542540E020000 /* mesh_misc.framework.xcodeproj */,
				A045BF0E5CBC4C136C020000 /* python.framework.xcodeproj */,
			);
			name = libs;
			sourceTree = "<group>";
		};
		A045BF0E5C00000000190000 /* configurations */ = {
			isa = PBXGroup;
			children = (
				A045BF0E5C00000000000000 /* debugbase.xcconfig */,
				A045BF0E5C00000000050000 /* releasebase.xcconfig */,
			);
			name = configurations;
			sourceTree = "<group>";
		};
		A045BF0E5C000000001E0000 = {
			isa = PBXGroup;
			children = (
				A045BF0E5C00000000190000 /* configurations */,
				A045BF0E5C111A998F000000 /* generated */,
				A045BF0E5C73C954A8000000 /* include */,
				A045BF0E5C00000000140000 /* libs */,
				A045BF0E5C00000000230000 /* products */,
				A045BF0E5C0001B8A0000000 /* res */,
				A045BF0E5CCA90681B000000 /* source */,
			);
			sourceTree = "<group>";
		};
		A045BF0E5C00000000230000 /* products */ = {
			isa = PBXGroup;
			children = (
				A08C5CDEA345BF0E5C7B0100 /* libmmdtool_static.a */,
				A08C5CDEA345BF0E5C7B0000 /* mmdtool.xlib */,
			);
			name = products;
			sourceTree = "<group>";
		};
		A045BF0E5C0001B8A0000000 /* res */ = {
			isa = PBXGroup;
			children = (
				A045BF0E5C47E4A90D000000 /* description */,
				A045BF0E5C448F46FA000000 /* c4d_symbols.h */,
			);
			name = res;
			path = ../res;
			sourceTree = SOURCE_ROOT;
		};
		A045BF0E5C111A998F000000 /* generated */ = {
			isa = PBXGroup;
			children = (
				A045BF0E5C681C2CE8000000 /* hxx */,
			);
			name = generated;
			path = ../generated;
			sourceTree = SOURCE_ROOT;
		};
		A045BF0E5C4287392B280000 /* products */ = {
			isa = PBXGroup;
			children = (
				A045BF0E5C4287392B000000 /* libimage.framework.a */,
				A045BF0E5C4287392B000100 /* libimage.framework_static.a */,
			);
			name = products;
			sourceTree = "<group>";
		};
		A045BF0E5C44EA8F04000000 /* yaml-cpp */ = {
			isa = PBXGroup;
			children = (
				A045BF0E5C910BEC8E000000 /* contrib */,
				A045BF0E5C4BF4322D000000 /* node */,
				A045BF0E5C7859661A000000 /* anchor.h */,
				A045BF0E5CEA1F8C66000000 /* binary.h */,
				A045BF0E5C3203E313000000 /* dll.h */,
				A045BF0E5CBF9AD97B000000 /* emitfromevents.h */,
				A045BF0E5CCE24FC9D000000 /* emitter.h */,
				A045BF0E5C4529FF3C000000 /* emitterdef.h */,
				A045BF0E5C787784F8000000 /* emittermanip.h */,
				A045BF0E5CD6E532A8000000 /* emitterstyle.h */,
				A045BF0E5C4FB017D5000000 /* eventhandler.h */,
				A045BF0E5CAC7EF829000000 /* exceptions.h */,
				A045BF0E5C1D3CB2F2000000 /* mark.h */,
				A045BF0E5C2008AB2C000000 /* null.h */,
				A045BF0E5CC241B7F2000000 /* ostream_wrapper.h */,
				A045BF0E5CF9092D04000000 /* parser.h */,
				A045BF0E5CF0B7C948000000 /* stlemitter.h */,
				A045BF0E5CFE4F578A000000 /* traits.h */,
				A045BF0E5C31B4984C000000 /* yaml.h */,
			);
			name = "yaml-cpp";
			path = "../include/yaml-cpp";
			sourceTree = SOURCE_ROOT;
		};
		A045BF0E5C47E4A90D000000 /* description */ = {
			isa = PBXGroup;
			children = (
				A045BF0E5CE5C793BF000000 /* PMX_Bone_Tag.h */,
				A045BF0E5CFB374D58000000 /* PMX_Model_Tag.h */,
				A045BF0E5C72BB660D000000 /* VMD_Cam_Obj.h */,
			);
			name = description;
			path = ../res/description;
			sourceTree = SOURCE_ROOT;
		};
		A045BF0E5C4ADBC31B280000 /* products */ = {
			isa = PBXGroup;
			children = (
				A045BF0E5C4ADBC31B000000 /* libcommand.framework.a */,
				A045BF0E5C4ADBC31B000100 /* libcommand.framework_static.a */,
			);
			name = products;
			sourceTree = "<group>";
		};
		A045BF0E5C4BF4322D000000 /* node */ = {
			isa = PBXGroup;
			children = (
				A045BF0E5CBD936A73000000 /* detail */,
				A045BF0E5C86B4658B000000 /* convert.h */,
				A045BF0E5CBFB43F2F000000 /* emit.h */,
				A045BF0E5CC68AB23C000000 /* impl.h */,
				A045BF0E5C6DAB1C0A000000 /* iterator.h */,
				A045BF0E5CCF298D9E000000 /* node.h */,
				A045BF0E5C68BD320B000000 /* parse.h */,
				A045BF0E5C1F939706000000 /* ptr.h */,
				A045BF0E5CD9F900D6000000 /* type.h */,
			);
			name = node;
			path = "../include/yaml-cpp/node";
			sourceTree = SOURCE_ROOT;
		};
		A045BF0E5C6542540E280000 /* products */ = {
			isa = PBXGroup;
			children = (
				A045BF0E5C6542540E000000 /* libmesh_misc.framework.a */,
				A045BF0E5C6542540E000100 /* libmesh_misc.framework_static.a */,
			);
			name = products;
			sourceTree = "<group>";
		};
		A045BF0E5C681C2CE8000000 /* hxx */ = {
			isa = PBXGroup;
			children = (
				A045BF0E5CD80552BB000000 /* interface_registration.cpp */,
				A045BF0E5CD93CCD9F000000 /* register.cpp */,
			);
			name = hxx;
			path = ../generated/hxx;
			sourceTree = SOURCE_ROOT;
		};
		A045BF0E5C73C954A8000000 /* include */ = {
			isa = PBXGroup;
			children = (
				A045BF0E5C44EA8F04000000 /* yaml-cpp */,
			);
			name = include;
			path = ../include;
			sourceTree = SOURCE_ROOT;
		};
		A045BF0E5C8A3C2298280000 /* products */ = {
			isa = PBXGroup;
			children = (
				A045BF0E5C8A3C2298000000 /* libmath.framework.a */,
				A045BF0E5C8A3C2298000100 /* libmath.framework_static.a */,
			);
			name = products;
			sourceTree = "<group>";
		};
		A045BF0E5C910BEC8E000000 /* contrib */ = {
			isa = PBXGroup;
			children = (
				A045BF0E5C2453BF06000000 /* anchordict.h */,
				A045BF0E5CFD9F78E8000000 /* graphbuilder.h */,
			);
			name = contrib;
			path = "../include/yaml-cpp/contrib";
			sourceTree = SOURCE_ROOT;
		};
		A045BF0E5CBC4C136C280000 /* products */ = {
			isa = PBXGroup;
			children = (
				A045BF0E5CBC4C136C000000 /* libpython.framework.a */,
				A045BF0E5CBC4C136C000100 /* libpython.framework_static.a */,
			);
			name = products;
			sourceTree = "<group>";
		};
		A045BF0E5CBD936A73000000 /* detail */ = {
			isa = PBXGroup;
			children = (
				A045BF0E5C3E8CE80D000000 /* bool_type.h */,
				A045BF0E5CBD6EBF36000000 /* impl.h */,
				A045BF0E5C096C1C04000000 /* iterator.h */,
				A045BF0E5C51EF56F8000000 /* iterator_fwd.h */,
				A045BF0E5C10398ED7000000 /* memory.h */,
				A045BF0E5CC60D9A98000000 /* node.h */,
				A045BF0E5CE68E4E65000000 /* node_data.h */,
				A045BF0E5CCBC6BDA9000000 /* node_iterator.h */,
				A045BF0E5CCE685E6C000000 /* node_ref.h */,
			);
			name = detail;
			path = "../include/yaml-cpp/node/detail";
			sourceTree = SOURCE_ROOT;
		};
		A045BF0E5CCA90681B000000 /* source */ = {
			isa = PBXGroup;
			children = (
				A045BF0E5C933AE152000000 /* EncodingConversion.cpp */,
				A045BF0E5C2C1B7FD7000000 /* EncodingConversion.h */,
				A045BF0E5C3179CE04000000 /* ImagesGUI.cpp */,
				A045BF0E5CF631F109000000 /* ImagesGUI.h */,
				A045BF0E5CE921D362000000 /* main.cpp */,
				A045BF0E5C1837B5E7000000 /* main.h */,
				A045BF0E5C2EFB3D0B000000 /* MMD_PMX_model.cpp */,
				A045BF0E5C898175D0000000 /* MMD_PMX_model.h */,
				A045BF0E5CE3FA683C000000 /* MMD_PMX_tag.cpp */,
				A045BF0E5C5603B941000000 /* MMD_PMX_tag.h */,
				A045BF0E5C1F85E51E000000 /* MMD_struct.h */,
				A045BF0E5C0DC00058000000 /* MMD_VMD_animation.cpp */,
				A045BF0E5C3D48A85D000000 /* MMD_VMD_animation.h */,
				A045BF0E5C3B84068A000000 /* NameConversion.cpp */,
				A045BF0E5CE05C930F000000 /* NameConversion.h */,
				A045BF0E5C7BB7F0FF000000 /* PluginRegister.cpp */,
				A045BF0E5C44D1A1A5000000 /* ProcessProgressDialog.cpp */,
				A045BF0E5C12FC38EA000000 /* ProcessProgressDialog.h */,
			);
			name = source;
			path = ../source;
			sourceTree = SOURCE_ROOT;
		};
		A045BF0E5CEBA5917E280000 /* products */ = {
			isa = PBXGroup;
			children = (
				A045BF0E5CEBA5917E000000 /* libcrypt.framework.a */,
				A045BF0E5CEBA5917E000100 /* libcrypt.framework_static.a */,
			);
			name = products;
			sourceTree = "<group>";
		};
		A045BF0E5CF470FF41280000 /* products */ = {
			isa = PBXGroup;
			children = (
				A045BF0E5CF470FF41000000 /* libcinema.framework.a */,
				A045BF0E5CF470FF41000100 /* libcinema.framework_static.a */,
			);
			name = products;
			sourceTree = "<group>";
		};
		A045BF0E5CF4AB3A6F280000 /* products */ = {
			isa = PBXGroup;
			children = (
				A045BF0E5CF4AB3A6F000000 /* libcore.framework.a */,
				A045BF0E5CF4AB3A6F000100 /* libcore.framework_static.a */,
			);
			name = products;
			sourceTree = "<group>";
		};
/* End PBXGroup section */

/* Begin PBXHeadersBuildPhase section */
		A045BF0E5C000000002D0000 /* Headers */ = {
			isa = PBXHeadersBuildPhase;
			buildActionMask = 2147483647;
			files = (
			);
			runOnlyForDeploymentPostprocessing = 0;
		};
/* End PBXHeadersBuildPhase section */

/* Begin PBXNativeTarget section */
		A08C5CDEA345BF0E5C000000 /* mmdtool */ = {
			isa = PBXNativeTarget;
			buildConfigurationList = A045BF0E5C00000000460000 /* Build configuration list for PBXNativeTarget "mmdtool" */;
			buildPhases = (
				A045BF0E5C00000000690000 /* Run Source Processor */,
				A045BF0E5C00000000320000 /* Sources */,
				A045BF0E5C000000000F0000 /* Frameworks */,
				A045BF0E5C000000002D0000 /* Headers */,
			);
			buildRules = (
			);
			dependencies = (
				A045BF0E5CF470FF41370000 /* PBXTargetDependency */,
				A045BF0E5C4ADBC31B370000 /* PBXTargetDependency */,
				A045BF0E5CF4AB3A6F370000 /* PBXTargetDependency */,
				A045BF0E5CEBA5917E370000 /* PBXTargetDependency */,
				A045BF0E5C4287392B370000 /* PBXTargetDependency */,
				A045BF0E5C8A3C2298370000 /* PBXTargetDependency */,
				A045BF0E5C6542540E370000 /* PBXTargetDependency */,
				A045BF0E5CBC4C136C370000 /* PBXTargetDependency */,
			);
			name = mmdtool;
			productName = mmdtool;
			productReference = A08C5CDEA345BF0E5C7B0000 /* mmdtool.xlib */;
			productType = "com.apple.product-type.library.dynamic";
		};
/* End PBXNativeTarget section */

/* Begin PBXProject section */
		A045BF0E5C000000003C0000 /* Project object */ = {
			isa = PBXProject;
			attributes = {
				LastUpgradeCheck = 1199;
			};
			buildConfigurationList = A045BF0E5C00000000410000 /* Build configuration list for PBXProject "mmdtool" */;
			compatibilityVersion = "Xcode 8.0";
			developmentRegion = English;
			hasScannedForEncodings = 0;
			knownRegions = (
				en,
			);
			mainGroup = A045BF0E5C000000001E0000;
			productRefGroup = A045BF0E5C00000000230000 /* products */;
			projectDirPath = "";
			projectReferences = (
				{
					ProductGroup = A045BF0E5CF470FF41280000 /* products */;
					ProjectRef = A045BF0E5CF470FF41020000 /* cinema.framework.xcodeproj */;
				},
				{
					ProductGroup = A045BF0E5C4ADBC31B280000 /* products */;
					ProjectRef = A045BF0E5C4ADBC31B020000 /* command.framework.xcodeproj */;
				},
				{
					ProductGroup = A045BF0E5CF4AB3A6F280000 /* products */;
					ProjectRef = A045BF0E5CF4AB3A6F020000 /* core.framework.xcodeproj */;
				},
				{
					ProductGroup = A045BF0E5CEBA5917E280000 /* products */;
					ProjectRef = A045BF0E5CEBA5917E020000 /* crypt.framework.xcodeproj */;
				},
				{
					ProductGroup = A045BF0E5C4287392B280000 /* products */;
					ProjectRef = A045BF0E5C4287392B020000 /* image.framework.xcodeproj */;
				},
				{
					ProductGroup = A045BF0E5C8A3C2298280000 /* products */;
					ProjectRef = A045BF0E5C8A3C2298020000 /* math.framework.xcodeproj */;
				},
				{
					ProductGroup = A045BF0E5C6542540E280000 /* products */;
					ProjectRef = A045BF0E5C6542540E020000 /* mesh_misc.framework.xcodeproj */;
				},
				{
					ProductGroup = A045BF0E5CBC4C136C280000 /* products */;
					ProjectRef = A045BF0E5CBC4C136C020000 /* python.framework.xcodeproj */;
				},
			);
			projectRoot = "";
			targets = (
				A08C5CDEA345BF0E5C000000 /* mmdtool */,
			);
		};
/* End PBXProject section */

/* Begin PBXReferenceProxy section */
		A045BF0E5C4287392B000000 /* libimage.framework.a */ = {
			isa = PBXReferenceProxy;
			fileType = archive.ar;
			path = libimage.framework.a;
			remoteRef = A045BF0E5C4287392B040000 /* PBXContainerItemProxy */;
			sourceTree = BUILT_PRODUCTS_DIR;
		};
		A045BF0E5C4287392B000100 /* libimage.framework_static.a */ = {
			isa = PBXReferenceProxy;
			fileType = archive.ar;
			path = libimage.framework_static.a;
			remoteRef = A045BF0E5C4287392B040100 /* PBXContainerItemProxy */;
			sourceTree = BUILT_PRODUCTS_DIR;
		};
		A045BF0E5C4ADBC31B000000 /* libcommand.framework.a */ = {
			isa = PBXReferenceProxy;
			fileType = archive.ar;
			path = libcommand.framework.a;
			remoteRef = A045BF0E5C4ADBC31B040000 /* PBXContainerItemProxy */;
			sourceTree = BUILT_PRODUCTS_DIR;
		};
		A045BF0E5C4ADBC31B000100 /* libcommand.framework_static.a */ = {
			isa = PBXReferenceProxy;
			fileType = archive.ar;
			path = libcommand.framework_static.a;
			remoteRef = A045BF0E5C4ADBC31B040100 /* PBXContainerItemProxy */;
			sourceTree = BUILT_PRODUCTS_DIR;
		};
		A045BF0E5C6542540E000000 /* libmesh_misc.framework.a */ = {
			isa = PBXReferenceProxy;
			fileType = archive.ar;
			path = libmesh_misc.framework.a;
			remoteRef = A045BF0E5C6542540E040000 /* PBXContainerItemProxy */;
			sourceTree = BUILT_PRODUCTS_DIR;
		};
		A045BF0E5C6542540E000100 /* libmesh_misc.framework_static.a */ = {
			isa = PBXReferenceProxy;
			fileType = archive.ar;
			path = libmesh_misc.framework_static.a;
			remoteRef = A045BF0E5C6542540E040100 /* PBXContainerItemProxy */;
			sourceTree = BUILT_PRODUCTS_DIR;
		};
		A045BF0E5C8A3C2298000000 /* libmath.framework.a */ = {
			isa = PBXReferenceProxy;
			fileType = archive.ar;
			path = libmath.framework.a;
			remoteRef = A045BF0E5C8A3C2298040000 /* PBXContainerItemProxy */;
			sourceTree = BUILT_PRODUCTS_DIR;
		};
		A045BF0E5C8A3C2298000100 /* libmath.framework_static.a */ = {
			isa = PBXReferenceProxy;
			fileType = archive.ar;
			path = libmath.framework_static.a;
			remoteRef = A045BF0E5C8A3C2298040100 /* PBXContainerItemProxy */;
			sourceTree = BUILT_PRODUCTS_DIR;
		};
		A045BF0E5CBC4C136C000000 /* libpython.framework.a */ = {
			isa = PBXReferenceProxy;
			fileType = archive.ar;
			path = libpython.framework.a;
			remoteRef = A045BF0E5CBC4C136C040000 /* PBXContainerItemProxy */;
			sourceTree = BUILT_PRODUCTS_DIR;
		};
		A045BF0E5CBC4C136C000100 /* libpython.framework_static.a */ = {
			isa = PBXReferenceProxy;
			fileType = archive.ar;
			path = libpython.framework_static.a;
			remoteRef = A045BF0E5CBC4C136C040100 /* PBXContainerItemProxy */;
			sourceTree = BUILT_PRODUCTS_DIR;
		};
		A045BF0E5CEBA5917E000000 /* libcrypt.framework.a */ = {
			isa = PBXReferenceProxy;
			fileType = archive.ar;
			path = libcrypt.framework.a;
			remoteRef = A045BF0E5CEBA5917E040000 /* PBXContainerItemProxy */;
			sourceTree = BUILT_PRODUCTS_DIR;
		};
		A045BF0E5CEBA5917E000100 /* libcrypt.framework_static.a */ = {
			isa = PBXReferenceProxy;
			fileType = archive.ar;
			path = libcrypt.framework_static.a;
			remoteRef = A045BF0E5CEBA5917E040100 /* PBXContainerItemProxy */;
			sourceTree = BUILT_PRODUCTS_DIR;
		};
		A045BF0E5CF470FF41000000 /* libcinema.framework.a */ = {
			isa = PBXReferenceProxy;
			fileType = archive.ar;
			path = libcinema.framework.a;
			remoteRef = A045BF0E5CF470FF41040000 /* PBXContainerItemProxy */;
			sourceTree = BUILT_PRODUCTS_DIR;
		};
		A045BF0E5CF470FF41000100 /* libcinema.framework_static.a */ = {
			isa = PBXReferenceProxy;
			fileType = archive.ar;
			path = libcinema.framework_static.a;
			remoteRef = A045BF0E5CF470FF41040100 /* PBXContainerItemProxy */;
			sourceTree = BUILT_PRODUCTS_DIR;
		};
		A045BF0E5CF4AB3A6F000000 /* libcore.framework.a */ = {
			isa = PBXReferenceProxy;
			fileType = archive.ar;
			path = libcore.framework.a;
			remoteRef = A045BF0E5CF4AB3A6F040000 /* PBXContainerItemProxy */;
			sourceTree = BUILT_PRODUCTS_DIR;
		};
		A045BF0E5CF4AB3A6F000100 /* libcore.framework_static.a */ = {
			isa = PBXReferenceProxy;
			fileType = archive.ar;
			path = libcore.framework_static.a;
			remoteRef = A045BF0E5CF4AB3A6F040100 /* PBXContainerItemProxy */;
			sourceTree = BUILT_PRODUCTS_DIR;
		};
/* End PBXReferenceProxy section */

/* Begin PBXShellScriptBuildPhase section */
		A045BF0E5C00000000690000 /* Run Source Processor */ = {
			isa = PBXShellScriptBuildPhase;
			buildActionMask = 2147483647;
			files = (
			);
			inputPaths = (
			);
			name = "Run Source Processor";
			outputPaths = (
			);
			runOnlyForDeploymentPostprocessing = 0;
			shellPath = /bin/sh;
			shellScript = "python ${MAXON_ROOTDIR}frameworks/settings/sourceprocessor/sourceprocessor.py \"$PROJECT_DIR/..\"\n";
			showEnvVarsInLog = 0;
		};
/* End PBXShellScriptBuildPhase section */

/* Begin PBXSourcesBuildPhase section */
		A045BF0E5C00000000320000 /* Sources */ = {
			isa = PBXSourcesBuildPhase;
			buildActionMask = 2147483647;
			files = (
				A045BF0E5C0DC00058010000 /* MMD_VMD_animation.cpp in Sources */,
				A045BF0E5C2EFB3D0B010000 /* MMD_PMX_model.cpp in Sources */,
				A045BF0E5C3179CE04010000 /* ImagesGUI.cpp in Sources */,
				A045BF0E5C3B84068A010000 /* NameConversion.cpp in Sources */,
				A045BF0E5C44D1A1A5010000 /* ProcessProgressDialog.cpp in Sources */,
				A045BF0E5C7BB7F0FF010000 /* PluginRegister.cpp in Sources */,
				A045BF0E5C933AE152010000 /* EncodingConversion.cpp in Sources */,
				A045BF0E5CD80552BB010000 /* interface_registration.cpp in Sources */,
				A045BF0E5CD93CCD9F010000 /* register.cpp in Sources */,
				A045BF0E5CE3FA683C010000 /* MMD_PMX_tag.cpp in Sources */,
				A045BF0E5CE921D362010000 /* main.cpp in Sources */,
			);
			runOnlyForDeploymentPostprocessing = 0;
		};
/* End PBXSourcesBuildPhase section */

/* Begin PBXTargetDependency section */
		A045BF0E5C4287392B370000 /* PBXTargetDependency */ = {
			isa = PBXTargetDependency;
			name = image.framework;
			targetProxy = A045BF0E5C4287392B050000 /* PBXContainerItemProxy */;
		};
		A045BF0E5C4ADBC31B370000 /* PBXTargetDependency */ = {
			isa = PBXTargetDependency;
			name = command.framework;
			targetProxy = A045BF0E5C4ADBC31B050000 /* PBXContainerItemProxy */;
		};
		A045BF0E5C6542540E370000 /* PBXTargetDependency */ = {
			isa = PBXTargetDependency;
			name = mesh_misc.framework;
			targetProxy = A045BF0E5C6542540E050000 /* PBXContainerItemProxy */;
		};
		A045BF0E5C8A3C2298370000 /* PBXTargetDependency */ = {
			isa = PBXTargetDependency;
			name = math.framework;
			targetProxy = A045BF0E5C8A3C2298050000 /* PBXContainerItemProxy */;
		};
		A045BF0E5CBC4C136C370000 /* PBXTargetDependency */ = {
			isa = PBXTargetDependency;
			name = python.framework;
			targetProxy = A045BF0E5CBC4C136C050000 /* PBXContainerItemProxy */;
		};
		A045BF0E5CEBA5917E370000 /* PBXTargetDependency */ = {
			isa = PBXTargetDependency;
			name = crypt.framework;
			targetProxy = A045BF0E5CEBA5917E050000 /* PBXContainerItemProxy */;
		};
		A045BF0E5CF470FF41370000 /* PBXTargetDependency */ = {
			isa = PBXTargetDependency;
			name = cinema.framework;
			targetProxy = A045BF0E5CF470FF41050000 /* PBXContainerItemProxy */;
		};
		A045BF0E5CF4AB3A6F370000 /* PBXTargetDependency */ = {
			isa = PBXTargetDependency;
			name = core.framework;
			targetProxy = A045BF0E5CF4AB3A6F050000 /* PBXContainerItemProxy */;
		};
/* End PBXTargetDependency section */

/* Begin XCBuildConfiguration section */
		A045BF0E5C000000004B0000 /* Debug */ = {
			isa = XCBuildConfiguration;
			baseConfigurationReference = A045BF0E5C00000000000000 /* debugbase.xcconfig */;
			buildSettings = {
				DEPLOYMENT_LOCATION = YES;
				EXCLUDED_SOURCE_FILE_NAMES = "";
				GCC_PREPROCESSOR_DEFINITIONS = (
					"$(GCC_PREPROCESSOR_DEFINITIONS)",
					USE_API_MAXON,
					PRIVATE_MODULE_net_aimidi_mmdtool,
					"MAXON_MODULE_ID=\\\"net.aimidi.mmdtool\\\"",
				);
				INSTALL_PATH = /..;
				MAXON_ROOTDIR = ../../../;
				USER_HEADER_SEARCH_PATHS = "../generated/hxx ../include ../include/yaml-cpp ../include/yaml-cpp/contrib ../include/yaml-cpp/node ../include/yaml-cpp/node/detail ../res ../res/description ../source $(MAXON_ROOTDIR)frameworks/core.framework/source/** $(MAXON_ROOTDIR)frameworks/core.framework/generated/hxx $(MAXON_ROOTDIR)frameworks/cinema.framework/source/** $(MAXON_ROOTDIR)frameworks/cinema.framework/generated/hxx $(MAXON_ROOTDIR)frameworks/command.framework/source/** $(MAXON_ROOTDIR)frameworks/command.framework/generated/hxx $(MAXON_ROOTDIR)frameworks/crypt.framework/source/** $(MAXON_ROOTDIR)frameworks/crypt.framework/generated/hxx $(MAXON_ROOTDIR)frameworks/image.framework/source/** $(MAXON_ROOTDIR)frameworks/image.framework/generated/hxx $(MAXON_ROOTDIR)frameworks/math.framework/source/** $(MAXON_ROOTDIR)frameworks/math.framework/generated/hxx $(MAXON_ROOTDIR)frameworks/mesh_misc.framework/source/** $(MAXON_ROOTDIR)frameworks/mesh_misc.framework/generated/hxx $(MAXON_ROOTDIR)frameworks/python.framework/source/** $(MAXON_ROOTDIR)frameworks/python.framework/generated/hxx $(inherited)";
			};
			name = Debug;
		};
		A045BF0E5C00000000500000 /* Release */ = {
			isa = XCBuildConfiguration;
			baseConfigurationReference = A045BF0E5C00000000050000 /* releasebase.xcconfig */;
			buildSettings = {
				DEPLOYMENT_LOCATION = YES;
				EXCLUDED_SOURCE_FILE_NAMES = "";
				GCC_PREPROCESSOR_DEFINITIONS = (
					"$(GCC_PREPROCESSOR_DEFINITIONS)",
					USE_API_MAXON,
					PRIVATE_MODULE_net_aimidi_mmdtool,
					"MAXON_MODULE_ID=\\\"net.aimidi.mmdtool\\\"",
				);
				INSTALL_PATH = /..;
				MAXON_ROOTDIR = ../../../;
				USER_HEADER_SEARCH_PATHS = "../generated/hxx ../include ../include/yaml-cpp ../include/yaml-cpp/contrib ../include/yaml-cpp/node ../include/yaml-cpp/node/detail ../res ../res/description ../source $(MAXON_ROOTDIR)frameworks/core.framework/source/** $(MAXON_ROOTDIR)frameworks/core.framework/generated/hxx $(MAXON_ROOTDIR)frameworks/cinema.framework/source/** $(MAXON_ROOTDIR)frameworks/cinema.framework/generated/hxx $(MAXON_ROOTDIR)frameworks/command.framework/source/** $(MAXON_ROOTDIR)frameworks/command.framework/generated/hxx $(MAXON_ROOTDIR)frameworks/crypt.framework/source/** $(MAXON_ROOTDIR)frameworks/crypt.framework/generated/hxx $(MAXON_ROOTDIR)frameworks/image.framework/source/** $(MAXON_ROOTDIR)frameworks/image.framework/generated/hxx $(MAXON_ROOTDIR)frameworks/math.framework/source/** $(MAXON_ROOTDIR)frameworks/math.framework/generated/hxx $(MAXON_ROOTDIR)frameworks/mesh_misc.framework/source/** $(MAXON_ROOTDIR)frameworks/mesh_misc.framework/generated/hxx $(MAXON_ROOTDIR)frameworks/python.framework/source/** $(MAXON_ROOTDIR)frameworks/python.framework/generated/hxx $(inherited)";
			};
			name = Release;
		};
		A045BF0E5C000000005A0000 /* Debug */ = {
			isa = XCBuildConfiguration;
			buildSettings = {
				COMBINE_HIDPI_IMAGES = YES;
				EXECUTABLE_EXTENSION = xlib;
				PRODUCT_NAME = "$(TARGET_NAME)";
				SKIP_INSTALL = NO;
			};
			name = Debug;
		};
		A045BF0E5C000000005F0000 /* Release */ = {
			isa = XCBuildConfiguration;
			buildSettings = {
				COMBINE_HIDPI_IMAGES = YES;
				EXECUTABLE_EXTENSION = xlib;
				PRODUCT_NAME = "$(TARGET_NAME)";
				SKIP_INSTALL = NO;
			};
			name = Release;
		};
/* End XCBuildConfiguration section */

/* Begin XCConfigurationList section */
		A045BF0E5C00000000410000 /* Build configuration list for PBXProject "mmdtool" */ = {
			isa = XCConfigurationList;
			buildConfigurations = (
				A045BF0E5C000000004B0000 /* Debug */,
				A045BF0E5C00000000500000 /* Release */,
			);
			defaultConfigurationIsVisible = 0;
			defaultConfigurationName = Debug;
		};
		A045BF0E5C00000000460000 /* Build configuration list for PBXNativeTarget "mmdtool" */ = {
			isa = XCConfigurationList;
			buildConfigurations = (
				A045BF0E5C000000005A0000 /* Debug */,
				A045BF0E5C000000005F0000 /* Release */,
			);
			defaultConfigurationIsVisible = 0;
			defaultConfigurationName = Debug;
		};
/* End XCConfigurationList section */
	};
	rootObject = A045BF0E5C000000003C0000 /* Project object */;
}
